// !$*UTF8*$!
{
	archiveVersion = 1;
	classes = {
	};
	objectVersion = 46;
	objects = {

/* Begin PBXBuildFile section */
		2E29BDFD1C1B0BEA00C800E3 /* problem_1.cpp in Sources */ = {isa = PBXBuildFile; fileRef = 2E7F44751BFF861F00FCB85B /* problem_1.cpp */; };
		2E29BDFE1C1B0BEA00C800E3 /* problem_2.cpp in Sources */ = {isa = PBXBuildFile; fileRef = 2E1EE0A41C176CA40018ECAD /* problem_2.cpp */; };
		2E29BDFF1C1B0BEA00C800E3 /* problem_3.cpp in Sources */ = {isa = PBXBuildFile; fileRef = 2E1EE0A51C176CA40018ECAD /* problem_3.cpp */; };
		2E29BE001C1B0BEA00C800E3 /* problem_4.cpp in Sources */ = {isa = PBXBuildFile; fileRef = 2E1EE0A61C176CA40018ECAD /* problem_4.cpp */; };
		2E29BE011C1B0BEA00C800E3 /* problem_5.cpp in Sources */ = {isa = PBXBuildFile; fileRef = 2E1EE0A71C176CA40018ECAD /* problem_5.cpp */; };
		2E29BE021C1B0BEA00C800E3 /* problem_6.cpp in Sources */ = {isa = PBXBuildFile; fileRef = 2E1EE0A81C176CA40018ECAD /* problem_6.cpp */; };
		2E29BE031C1B0BEA00C800E3 /* problem_7.cpp in Sources */ = {isa = PBXBuildFile; fileRef = 2E1EE0A91C176CA40018ECAD /* problem_7.cpp */; };
		2E29BE041C1B0BEA00C800E3 /* problem_8.cpp in Sources */ = {isa = PBXBuildFile; fileRef = 2E1EE0AA1C176CA40018ECAD /* problem_8.cpp */; };
		2E29BE051C1B0BEA00C800E3 /* problem_9.cpp in Sources */ = {isa = PBXBuildFile; fileRef = 2E1EE0AB1C176CA40018ECAD /* problem_9.cpp */; };
		2E29BE061C1B0BEA00C800E3 /* problem_10.cpp in Sources */ = {isa = PBXBuildFile; fileRef = 2E1EE0AC1C176CA40018ECAD /* problem_10.cpp */; };
		2E29BE071C1B0BEA00C800E3 /* problem_11.cpp in Sources */ = {isa = PBXBuildFile; fileRef = 2E1EE0AD1C176CA40018ECAD /* problem_11.cpp */; };
		2E29BE081C1B0BEA00C800E3 /* problem_12.cpp in Sources */ = {isa = PBXBuildFile; fileRef = 2E1EE0AE1C176CA40018ECAD /* problem_12.cpp */; };
		2E29BE091C1B0BEA00C800E3 /* problem_13.cpp in Sources */ = {isa = PBXBuildFile; fileRef = 2E1EE0AF1C176CA40018ECAD /* problem_13.cpp */; };
		2E29BE0A1C1B0BEA00C800E3 /* problem_14.cpp in Sources */ = {isa = PBXBuildFile; fileRef = 2E1EE0B01C176CA40018ECAD /* problem_14.cpp */; };
		2E29BE0B1C1B0BEA00C800E3 /* problem_15.cpp in Sources */ = {isa = PBXBuildFile; fileRef = 2E1EE0B11C176CA40018ECAD /* problem_15.cpp */; };
		2E29BE0C1C1B0BEA00C800E3 /* problem_16.cpp in Sources */ = {isa = PBXBuildFile; fileRef = 2E1EE0B21C176CA40018ECAD /* problem_16.cpp */; };
		2E29BE0D1C1B0BEA00C800E3 /* problem_17.cpp in Sources */ = {isa = PBXBuildFile; fileRef = 2E1EE0B31C176CA40018ECAD /* problem_17.cpp */; };
		2E29BE0E1C1B0BEA00C800E3 /* problem_18.cpp in Sources */ = {isa = PBXBuildFile; fileRef = 2E1EE0B41C176CA40018ECAD /* problem_18.cpp */; };
		2E29BE0F1C1B0BEA00C800E3 /* problem_20.cpp in Sources */ = {isa = PBXBuildFile; fileRef = 2E1EE0B51C176CA40018ECAD /* problem_20.cpp */; };
		2E29BE101C1B0BEA00C800E3 /* problem_21.cpp in Sources */ = {isa = PBXBuildFile; fileRef = 2E1EE0B61C176CA40018ECAD /* problem_21.cpp */; };
		2E29BE111C1B0BEA00C800E3 /* problem_23.cpp in Sources */ = {isa = PBXBuildFile; fileRef = 2E1EE0B71C176CA40018ECAD /* problem_23.cpp */; };
		2E29BE121C1B0BEA00C800E3 /* problem_25.cpp in Sources */ = {isa = PBXBuildFile; fileRef = 2E1EE0B81C176CA40018ECAD /* problem_25.cpp */; };
		2E29BE131C1B0BEA00C800E3 /* problem_27.cpp in Sources */ = {isa = PBXBuildFile; fileRef = 2E1EE0B91C176CA40018ECAD /* problem_27.cpp */; };
		2E29BE141C1B0BEA00C800E3 /* problem_28.cpp in Sources */ = {isa = PBXBuildFile; fileRef = 2E1EE0BA1C176CA40018ECAD /* problem_28.cpp */; };
		2E29BE151C1B0BEA00C800E3 /* problem_29.cpp in Sources */ = {isa = PBXBuildFile; fileRef = 2E1EE0BB1C176CA40018ECAD /* problem_29.cpp */; };
		2E29BE161C1B0BEA00C800E3 /* problem_30.cpp in Sources */ = {isa = PBXBuildFile; fileRef = 2E1EE0BC1C176CA40018ECAD /* problem_30.cpp */; };
		2E29BE171C1B0BEA00C800E3 /* problem_34.cpp in Sources */ = {isa = PBXBuildFile; fileRef = 2E1EE0BD1C176CA40018ECAD /* problem_34.cpp */; };
		2E29BE181C1B0BEA00C800E3 /* problem_35.cpp in Sources */ = {isa = PBXBuildFile; fileRef = 2E1EE0BE1C176CA40018ECAD /* problem_35.cpp */; };
		2E29BE191C1B0BEA00C800E3 /* problem_36.cpp in Sources */ = {isa = PBXBuildFile; fileRef = 2E1EE0BF1C176CA40018ECAD /* problem_36.cpp */; };
		2E29BE1A1C1B0BEA00C800E3 /* problem_37.cpp in Sources */ = {isa = PBXBuildFile; fileRef = 2E1EE0C01C176CA40018ECAD /* problem_37.cpp */; };
		2E29BE1B1C1B0BEA00C800E3 /* problem_39.cpp in Sources */ = {isa = PBXBuildFile; fileRef = 2E1EE0C11C176CA40018ECAD /* problem_39.cpp */; };
		2E29BE1C1C1B0BEA00C800E3 /* problem_42.cpp in Sources */ = {isa = PBXBuildFile; fileRef = 2E1EE0C21C176CA40018ECAD /* problem_42.cpp */; };
		2E29BE1D1C1B0BEA00C800E3 /* problem_44.cpp in Sources */ = {isa = PBXBuildFile; fileRef = 2E1EE0C31C176CA40018ECAD /* problem_44.cpp */; };
		2E29BE1E1C1B0BEA00C800E3 /* problem_45.cpp in Sources */ = {isa = PBXBuildFile; fileRef = 2E1EE0C41C176CA40018ECAD /* problem_45.cpp */; };
		2E29BE1F1C1B0BEA00C800E3 /* problem_46.cpp in Sources */ = {isa = PBXBuildFile; fileRef = 2E1EE0C51C176CA40018ECAD /* problem_46.cpp */; };
		2E29BE201C1B0BEA00C800E3 /* problem_48.cpp in Sources */ = {isa = PBXBuildFile; fileRef = 2E1EE0C61C176CA40018ECAD /* problem_48.cpp */; };
		2E29BE211C1B0BEA00C800E3 /* problem_52.cpp in Sources */ = {isa = PBXBuildFile; fileRef = 2E1EE0C71C176CA40018ECAD /* problem_52.cpp */; };
		2E29BE221C1B0BEA00C800E3 /* problem_53.cpp in Sources */ = {isa = PBXBuildFile; fileRef = 2E1EE0C81C176CA40018ECAD /* problem_53.cpp */; };
		2E29BE231C1B0BEA00C800E3 /* problem_60.cpp in Sources */ = {isa = PBXBuildFile; fileRef = 2E1EE0C91C176CA40018ECAD /* problem_60.cpp */; };
		2E29BE241C1B0BEA00C800E3 /* problem_61.cpp in Sources */ = {isa = PBXBuildFile; fileRef = 2E1EE0CA1C176CA40018ECAD /* problem_61.cpp */; };
		2E29BE251C1B0BEA00C800E3 /* problem_67.cpp in Sources */ = {isa = PBXBuildFile; fileRef = 2E1EE0CB1C176CA40018ECAD /* problem_67.cpp */; };
		2E29BE261C1B0BEA00C800E3 /* problem_74.cpp in Sources */ = {isa = PBXBuildFile; fileRef = 2E1EE0CC1C176CA40018ECAD /* problem_74.cpp */; };
		2E29BE271C1B0BEA00C800E3 /* problem_76.cpp in Sources */ = {isa = PBXBuildFile; fileRef = 2E1EE0CD1C176CA40018ECAD /* problem_76.cpp */; };
		2E29BE281C1B0BEA00C800E3 /* problem_80.cpp in Sources */ = {isa = PBXBuildFile; fileRef = 2E1EE0CE1C176CA40018ECAD /* problem_80.cpp */; };
		2E29BE291C1B0BEA00C800E3 /* problem_81.cpp in Sources */ = {isa = PBXBuildFile; fileRef = 2E1EE0CF1C176CA40018ECAD /* problem_81.cpp */; };
		2E29BE2A1C1B0BEA00C800E3 /* problem_82.cpp in Sources */ = {isa = PBXBuildFile; fileRef = 2E1EE0D01C176CA40018ECAD /* problem_82.cpp */; };
		2E29BE2B1C1B0BEA00C800E3 /* problem_87.cpp in Sources */ = {isa = PBXBuildFile; fileRef = 2E1EE0D11C176CA40018ECAD /* problem_87.cpp */; };
		2E29BE2C1C1B0BEA00C800E3 /* problem_92.cpp in Sources */ = {isa = PBXBuildFile; fileRef = 2E1EE0D21C176CA40018ECAD /* problem_92.cpp */; };
		2E29BE2D1C1B0BEA00C800E3 /* problem_95.cpp in Sources */ = {isa = PBXBuildFile; fileRef = 2E1EE0D31C176CA40018ECAD /* problem_95.cpp */; };
		2E29BE2E1C1B0BEA00C800E3 /* problem_99.cpp in Sources */ = {isa = PBXBuildFile; fileRef = 2E1EE0D41C176CA40018ECAD /* problem_99.cpp */; };
		2E7F448C1BFF861F00FCB85B /* libProjectEuler.cpp in Sources */ = {isa = PBXBuildFile; fileRef = 2E7F44721BFF861F00FCB85B /* libProjectEuler.cpp */; };
		2E7F448D1BFF861F00FCB85B /* main.cpp in Sources */ = {isa = PBXBuildFile; fileRef = 2E7F44741BFF861F00FCB85B /* main.cpp */; };
		2EA7B5721C1C9FF50034409C /* problem_32.cpp in Sources */ = {isa = PBXBuildFile; fileRef = 2EA7B5711C1C9FF50034409C /* problem_32.cpp */; };
		2EA7CE471C19DB500066C3F1 /* primes1.txt in CopyFiles */ = {isa = PBXBuildFile; fileRef = 2EA7CE451C19DA130066C3F1 /* primes1.txt */; };
		2EA7CE481C19DB500066C3F1 /* primes2.txt in CopyFiles */ = {isa = PBXBuildFile; fileRef = 2EA7CE461C19DA130066C3F1 /* primes2.txt */; };
		2EA7CE491C19DB500066C3F1 /* primes3.txt in CopyFiles */ = {isa = PBXBuildFile; fileRef = 2EA7CE131C19D9EA0066C3F1 /* primes3.txt */; };
		2EA7CE4A1C19DB500066C3F1 /* primes4.txt in CopyFiles */ = {isa = PBXBuildFile; fileRef = 2EA7CE141C19D9EA0066C3F1 /* primes4.txt */; };
		2EA7CE4B1C19DB500066C3F1 /* primes5.txt in CopyFiles */ = {isa = PBXBuildFile; fileRef = 2EA7CE151C19D9EA0066C3F1 /* primes5.txt */; };
		2EA7CE4C1C19DB500066C3F1 /* primes6.txt in CopyFiles */ = {isa = PBXBuildFile; fileRef = 2EA7CE161C19D9EA0066C3F1 /* primes6.txt */; };
		2EA7CE4D1C19DB500066C3F1 /* primes7.txt in CopyFiles */ = {isa = PBXBuildFile; fileRef = 2EA7CE171C19D9EA0066C3F1 /* primes7.txt */; };
		2EA7CE4E1C19DB500066C3F1 /* primes8.txt in CopyFiles */ = {isa = PBXBuildFile; fileRef = 2EA7CE181C19D9EA0066C3F1 /* primes8.txt */; };
		2EA7CE4F1C19DB500066C3F1 /* primes9.txt in CopyFiles */ = {isa = PBXBuildFile; fileRef = 2EA7CE191C19D9EA0066C3F1 /* primes9.txt */; };
		2EA7CE501C19DB500066C3F1 /* primes10.txt in CopyFiles */ = {isa = PBXBuildFile; fileRef = 2EA7CE1A1C19D9EA0066C3F1 /* primes10.txt */; };
		2EA7CE511C19DB500066C3F1 /* primes11.txt in CopyFiles */ = {isa = PBXBuildFile; fileRef = 2EA7CE1B1C19D9EA0066C3F1 /* primes11.txt */; };
		2EA7CE521C19DB500066C3F1 /* primes12.txt in CopyFiles */ = {isa = PBXBuildFile; fileRef = 2EA7CE1C1C19D9EA0066C3F1 /* primes12.txt */; };
		2EA7CE531C19DB500066C3F1 /* primes13.txt in CopyFiles */ = {isa = PBXBuildFile; fileRef = 2EA7CE1D1C19D9EA0066C3F1 /* primes13.txt */; };
		2EA7CE541C19DB500066C3F1 /* primes14.txt in CopyFiles */ = {isa = PBXBuildFile; fileRef = 2EA7CE1E1C19D9EA0066C3F1 /* primes14.txt */; };
		2EA7CE551C19DB500066C3F1 /* primes15.txt in CopyFiles */ = {isa = PBXBuildFile; fileRef = 2EA7CE1F1C19D9EA0066C3F1 /* primes15.txt */; };
		2EA7CE561C19DB500066C3F1 /* primes16.txt in CopyFiles */ = {isa = PBXBuildFile; fileRef = 2EA7CE201C19D9EA0066C3F1 /* primes16.txt */; };
		2EA7CE571C19DB500066C3F1 /* primes17.txt in CopyFiles */ = {isa = PBXBuildFile; fileRef = 2EA7CE211C19D9EA0066C3F1 /* primes17.txt */; };
		2EA7CE581C19DB500066C3F1 /* primes18.txt in CopyFiles */ = {isa = PBXBuildFile; fileRef = 2EA7CE221C19D9EA0066C3F1 /* primes18.txt */; };
		2EA7CE591C19DB500066C3F1 /* primes19.txt in CopyFiles */ = {isa = PBXBuildFile; fileRef = 2EA7CE231C19D9EA0066C3F1 /* primes19.txt */; };
		2EA7CE5A1C19DB500066C3F1 /* primes20.txt in CopyFiles */ = {isa = PBXBuildFile; fileRef = 2EA7CE241C19D9EA0066C3F1 /* primes20.txt */; };
		2EA7CE5B1C19DB500066C3F1 /* primes21.txt in CopyFiles */ = {isa = PBXBuildFile; fileRef = 2EA7CE251C19D9EA0066C3F1 /* primes21.txt */; };
		2EA7CE5C1C19DB500066C3F1 /* primes22.txt in CopyFiles */ = {isa = PBXBuildFile; fileRef = 2EA7CE261C19D9EA0066C3F1 /* primes22.txt */; };
		2EA7CE5D1C19DB500066C3F1 /* primes23.txt in CopyFiles */ = {isa = PBXBuildFile; fileRef = 2EA7CE271C19D9EA0066C3F1 /* primes23.txt */; };
		2EA7CE5E1C19DB500066C3F1 /* primes24.txt in CopyFiles */ = {isa = PBXBuildFile; fileRef = 2EA7CE281C19D9EA0066C3F1 /* primes24.txt */; };
		2EA7CE5F1C19DB500066C3F1 /* primes25.txt in CopyFiles */ = {isa = PBXBuildFile; fileRef = 2EA7CE291C19D9EA0066C3F1 /* primes25.txt */; };
		2EA7CE601C19DB500066C3F1 /* primes26.txt in CopyFiles */ = {isa = PBXBuildFile; fileRef = 2EA7CE2A1C19D9EA0066C3F1 /* primes26.txt */; };
		2EA7CE611C19DB500066C3F1 /* primes27.txt in CopyFiles */ = {isa = PBXBuildFile; fileRef = 2EA7CE2B1C19D9EA0066C3F1 /* primes27.txt */; };
		2EA7CE621C19DB500066C3F1 /* primes28.txt in CopyFiles */ = {isa = PBXBuildFile; fileRef = 2EA7CE2C1C19D9EA0066C3F1 /* primes28.txt */; };
		2EA7CE631C19DB500066C3F1 /* primes29.txt in CopyFiles */ = {isa = PBXBuildFile; fileRef = 2EA7CE2D1C19D9EA0066C3F1 /* primes29.txt */; };
		2EA7CE641C19DB500066C3F1 /* primes30.txt in CopyFiles */ = {isa = PBXBuildFile; fileRef = 2EA7CE2E1C19D9EA0066C3F1 /* primes30.txt */; };
		2EA7CE651C19DB500066C3F1 /* primes31.txt in CopyFiles */ = {isa = PBXBuildFile; fileRef = 2EA7CE2F1C19D9EA0066C3F1 /* primes31.txt */; };
		2EA7CE661C19DB500066C3F1 /* primes32.txt in CopyFiles */ = {isa = PBXBuildFile; fileRef = 2EA7CE301C19D9EA0066C3F1 /* primes32.txt */; };
		2EA7CE671C19DB500066C3F1 /* primes33.txt in CopyFiles */ = {isa = PBXBuildFile; fileRef = 2EA7CE311C19D9EA0066C3F1 /* primes33.txt */; };
		2EA7CE681C19DB500066C3F1 /* primes34.txt in CopyFiles */ = {isa = PBXBuildFile; fileRef = 2EA7CE321C19D9EA0066C3F1 /* primes34.txt */; };
		2EA7CE691C19DB500066C3F1 /* primes35.txt in CopyFiles */ = {isa = PBXBuildFile; fileRef = 2EA7CE331C19D9EA0066C3F1 /* primes35.txt */; };
		2EA7CE6A1C19DB500066C3F1 /* primes36.txt in CopyFiles */ = {isa = PBXBuildFile; fileRef = 2EA7CE341C19D9EA0066C3F1 /* primes36.txt */; };
		2EA7CE6B1C19DB500066C3F1 /* primes37.txt in CopyFiles */ = {isa = PBXBuildFile; fileRef = 2EA7CE351C19D9EA0066C3F1 /* primes37.txt */; };
		2EA7CE6C1C19DB500066C3F1 /* primes38.txt in CopyFiles */ = {isa = PBXBuildFile; fileRef = 2EA7CE361C19D9EA0066C3F1 /* primes38.txt */; };
		2EA7CE6D1C19DB500066C3F1 /* primes39.txt in CopyFiles */ = {isa = PBXBuildFile; fileRef = 2EA7CE371C19D9EA0066C3F1 /* primes39.txt */; };
		2EA7CE6E1C19DB500066C3F1 /* primes40.txt in CopyFiles */ = {isa = PBXBuildFile; fileRef = 2EA7CE381C19D9EA0066C3F1 /* primes40.txt */; };
		2EA7CE6F1C19DB500066C3F1 /* primes41.txt in CopyFiles */ = {isa = PBXBuildFile; fileRef = 2EA7CE391C19D9EA0066C3F1 /* primes41.txt */; };
		2EA7CE701C19DB500066C3F1 /* primes42.txt in CopyFiles */ = {isa = PBXBuildFile; fileRef = 2EA7CE3A1C19D9EA0066C3F1 /* primes42.txt */; };
		2EA7CE711C19DB500066C3F1 /* primes43.txt in CopyFiles */ = {isa = PBXBuildFile; fileRef = 2EA7CE3B1C19D9EA0066C3F1 /* primes43.txt */; };
		2EA7CE721C19DB500066C3F1 /* primes44.txt in CopyFiles */ = {isa = PBXBuildFile; fileRef = 2EA7CE3C1C19D9EA0066C3F1 /* primes44.txt */; };
		2EA7CE731C19DB500066C3F1 /* primes45.txt in CopyFiles */ = {isa = PBXBuildFile; fileRef = 2EA7CE3D1C19D9EA0066C3F1 /* primes45.txt */; };
		2EA7CE741C19DB500066C3F1 /* primes46.txt in CopyFiles */ = {isa = PBXBuildFile; fileRef = 2EA7CE3E1C19D9EA0066C3F1 /* primes46.txt */; };
		2EA7CE751C19DB500066C3F1 /* primes47.txt in CopyFiles */ = {isa = PBXBuildFile; fileRef = 2EA7CE3F1C19D9EA0066C3F1 /* primes47.txt */; };
		2EA7CE761C19DB500066C3F1 /* primes48.txt in CopyFiles */ = {isa = PBXBuildFile; fileRef = 2EA7CE401C19D9EA0066C3F1 /* primes48.txt */; };
		2EA7CE771C19DB500066C3F1 /* primes49.txt in CopyFiles */ = {isa = PBXBuildFile; fileRef = 2EA7CE411C19D9EA0066C3F1 /* primes49.txt */; };
		2EA7CE781C19DB500066C3F1 /* primes50.txt in CopyFiles */ = {isa = PBXBuildFile; fileRef = 2EA7CE421C19D9EA0066C3F1 /* primes50.txt */; };
		2EA7CE791C19DB500066C3F1 /* p018_triangle.txt in CopyFiles */ = {isa = PBXBuildFile; fileRef = 2E7F44A51BFF863300FCB85B /* p018_triangle.txt */; };
		2EA7CE7A1C19DB500066C3F1 /* p042_words.txt in CopyFiles */ = {isa = PBXBuildFile; fileRef = 2E7F44A61BFF863300FCB85B /* p042_words.txt */; };
		2EA7CE7B1C19DB500066C3F1 /* p067_triangle.txt in CopyFiles */ = {isa = PBXBuildFile; fileRef = 2E7F44A71BFF863300FCB85B /* p067_triangle.txt */; };
		2EA7CE7C1C19DB500066C3F1 /* p081_matrix.txt in CopyFiles */ = {isa = PBXBuildFile; fileRef = 2E6C675C1C0CD9A60055CF53 /* p081_matrix.txt */; };
		2EA7CE7D1C19DB500066C3F1 /* p082_matrix.txt in CopyFiles */ = {isa = PBXBuildFile; fileRef = 2EF4252A1C0F3C6200B7E34F /* p082_matrix.txt */; };
		2EA7CE7E1C19DB500066C3F1 /* p099_base_exp.txt in CopyFiles */ = {isa = PBXBuildFile; fileRef = 2EC7466F1C024B29003F8119 /* p099_base_exp.txt */; };
		2EB9FE851C1C912C00FACDF3 /* problem_38.cpp in Sources */ = {isa = PBXBuildFile; fileRef = 2EB9FE841C1C912C00FACDF3 /* problem_38.cpp */; };
		2EBD56C41C1A368300D481AD /* primes.cpp in Sources */ = {isa = PBXBuildFile; fileRef = 2EBD56C21C1A323200D481AD /* primes.cpp */; };
/* End PBXBuildFile section */

/* Begin PBXCopyFilesBuildPhase section */
		2EC7E1631BFF47130068DA60 /* CopyFiles */ = {
			isa = PBXCopyFilesBuildPhase;
			buildActionMask = 12;
			dstPath = "";
			dstSubfolderSpec = 16;
			files = (
				2EA7CE471C19DB500066C3F1 /* primes1.txt in CopyFiles */,
				2EA7CE481C19DB500066C3F1 /* primes2.txt in CopyFiles */,
				2EA7CE491C19DB500066C3F1 /* primes3.txt in CopyFiles */,
				2EA7CE4A1C19DB500066C3F1 /* primes4.txt in CopyFiles */,
				2EA7CE4B1C19DB500066C3F1 /* primes5.txt in CopyFiles */,
				2EA7CE4C1C19DB500066C3F1 /* primes6.txt in CopyFiles */,
				2EA7CE4D1C19DB500066C3F1 /* primes7.txt in CopyFiles */,
				2EA7CE4E1C19DB500066C3F1 /* primes8.txt in CopyFiles */,
				2EA7CE4F1C19DB500066C3F1 /* primes9.txt in CopyFiles */,
				2EA7CE501C19DB500066C3F1 /* primes10.txt in CopyFiles */,
				2EA7CE511C19DB500066C3F1 /* primes11.txt in CopyFiles */,
				2EA7CE521C19DB500066C3F1 /* primes12.txt in CopyFiles */,
				2EA7CE531C19DB500066C3F1 /* primes13.txt in CopyFiles */,
				2EA7CE541C19DB500066C3F1 /* primes14.txt in CopyFiles */,
				2EA7CE551C19DB500066C3F1 /* primes15.txt in CopyFiles */,
				2EA7CE561C19DB500066C3F1 /* primes16.txt in CopyFiles */,
				2EA7CE571C19DB500066C3F1 /* primes17.txt in CopyFiles */,
				2EA7CE581C19DB500066C3F1 /* primes18.txt in CopyFiles */,
				2EA7CE591C19DB500066C3F1 /* primes19.txt in CopyFiles */,
				2EA7CE5A1C19DB500066C3F1 /* primes20.txt in CopyFiles */,
				2EA7CE5B1C19DB500066C3F1 /* primes21.txt in CopyFiles */,
				2EA7CE5C1C19DB500066C3F1 /* primes22.txt in CopyFiles */,
				2EA7CE5D1C19DB500066C3F1 /* primes23.txt in CopyFiles */,
				2EA7CE5E1C19DB500066C3F1 /* primes24.txt in CopyFiles */,
				2EA7CE5F1C19DB500066C3F1 /* primes25.txt in CopyFiles */,
				2EA7CE601C19DB500066C3F1 /* primes26.txt in CopyFiles */,
				2EA7CE611C19DB500066C3F1 /* primes27.txt in CopyFiles */,
				2EA7CE621C19DB500066C3F1 /* primes28.txt in CopyFiles */,
				2EA7CE631C19DB500066C3F1 /* primes29.txt in CopyFiles */,
				2EA7CE641C19DB500066C3F1 /* primes30.txt in CopyFiles */,
				2EA7CE651C19DB500066C3F1 /* primes31.txt in CopyFiles */,
				2EA7CE661C19DB500066C3F1 /* primes32.txt in CopyFiles */,
				2EA7CE671C19DB500066C3F1 /* primes33.txt in CopyFiles */,
				2EA7CE681C19DB500066C3F1 /* primes34.txt in CopyFiles */,
				2EA7CE691C19DB500066C3F1 /* primes35.txt in CopyFiles */,
				2EA7CE6A1C19DB500066C3F1 /* primes36.txt in CopyFiles */,
				2EA7CE6B1C19DB500066C3F1 /* primes37.txt in CopyFiles */,
				2EA7CE6C1C19DB500066C3F1 /* primes38.txt in CopyFiles */,
				2EA7CE6D1C19DB500066C3F1 /* primes39.txt in CopyFiles */,
				2EA7CE6E1C19DB500066C3F1 /* primes40.txt in CopyFiles */,
				2EA7CE6F1C19DB500066C3F1 /* primes41.txt in CopyFiles */,
				2EA7CE701C19DB500066C3F1 /* primes42.txt in CopyFiles */,
				2EA7CE711C19DB500066C3F1 /* primes43.txt in CopyFiles */,
				2EA7CE721C19DB500066C3F1 /* primes44.txt in CopyFiles */,
				2EA7CE731C19DB500066C3F1 /* primes45.txt in CopyFiles */,
				2EA7CE741C19DB500066C3F1 /* primes46.txt in CopyFiles */,
				2EA7CE751C19DB500066C3F1 /* primes47.txt in CopyFiles */,
				2EA7CE761C19DB500066C3F1 /* primes48.txt in CopyFiles */,
				2EA7CE771C19DB500066C3F1 /* primes49.txt in CopyFiles */,
				2EA7CE781C19DB500066C3F1 /* primes50.txt in CopyFiles */,
				2EA7CE791C19DB500066C3F1 /* p018_triangle.txt in CopyFiles */,
				2EA7CE7A1C19DB500066C3F1 /* p042_words.txt in CopyFiles */,
				2EA7CE7B1C19DB500066C3F1 /* p067_triangle.txt in CopyFiles */,
				2EA7CE7C1C19DB500066C3F1 /* p081_matrix.txt in CopyFiles */,
				2EA7CE7D1C19DB500066C3F1 /* p082_matrix.txt in CopyFiles */,
				2EA7CE7E1C19DB500066C3F1 /* p099_base_exp.txt in CopyFiles */,
			);
			runOnlyForDeploymentPostprocessing = 0;
		};
/* End PBXCopyFilesBuildPhase section */

/* Begin PBXFileReference section */
		2E1A0F3B1C18A83500D028D5 /* hashMap.h */ = {isa = PBXFileReference; fileEncoding = 4; lastKnownFileType = sourcecode.c.h; path = hashMap.h; sourceTree = "<group>"; };
		2E1EE0A41C176CA40018ECAD /* problem_2.cpp */ = {isa = PBXFileReference; fileEncoding = 4; lastKnownFileType = sourcecode.cpp.cpp; path = problem_2.cpp; sourceTree = SOURCE_ROOT; };
		2E1EE0A51C176CA40018ECAD /* problem_3.cpp */ = {isa = PBXFileReference; fileEncoding = 4; lastKnownFileType = sourcecode.cpp.cpp; path = problem_3.cpp; sourceTree = SOURCE_ROOT; };
		2E1EE0A61C176CA40018ECAD /* problem_4.cpp */ = {isa = PBXFileReference; fileEncoding = 4; lastKnownFileType = sourcecode.cpp.cpp; path = problem_4.cpp; sourceTree = SOURCE_ROOT; };
		2E1EE0A71C176CA40018ECAD /* problem_5.cpp */ = {isa = PBXFileReference; fileEncoding = 4; lastKnownFileType = sourcecode.cpp.cpp; path = problem_5.cpp; sourceTree = SOURCE_ROOT; };
		2E1EE0A81C176CA40018ECAD /* problem_6.cpp */ = {isa = PBXFileReference; fileEncoding = 4; lastKnownFileType = sourcecode.cpp.cpp; path = problem_6.cpp; sourceTree = SOURCE_ROOT; };
		2E1EE0A91C176CA40018ECAD /* problem_7.cpp */ = {isa = PBXFileReference; fileEncoding = 4; lastKnownFileType = sourcecode.cpp.cpp; path = problem_7.cpp; sourceTree = SOURCE_ROOT; };
		2E1EE0AA1C176CA40018ECAD /* problem_8.cpp */ = {isa = PBXFileReference; fileEncoding = 4; lastKnownFileType = sourcecode.cpp.cpp; path = problem_8.cpp; sourceTree = SOURCE_ROOT; };
		2E1EE0AB1C176CA40018ECAD /* problem_9.cpp */ = {isa = PBXFileReference; fileEncoding = 4; lastKnownFileType = sourcecode.cpp.cpp; path = problem_9.cpp; sourceTree = SOURCE_ROOT; };
		2E1EE0AC1C176CA40018ECAD /* problem_10.cpp */ = {isa = PBXFileReference; fileEncoding = 4; lastKnownFileType = sourcecode.cpp.cpp; path = problem_10.cpp; sourceTree = SOURCE_ROOT; };
		2E1EE0AD1C176CA40018ECAD /* problem_11.cpp */ = {isa = PBXFileReference; fileEncoding = 4; lastKnownFileType = sourcecode.cpp.cpp; path = problem_11.cpp; sourceTree = SOURCE_ROOT; };
		2E1EE0AE1C176CA40018ECAD /* problem_12.cpp */ = {isa = PBXFileReference; fileEncoding = 4; lastKnownFileType = sourcecode.cpp.cpp; path = problem_12.cpp; sourceTree = SOURCE_ROOT; };
		2E1EE0AF1C176CA40018ECAD /* problem_13.cpp */ = {isa = PBXFileReference; fileEncoding = 4; lastKnownFileType = sourcecode.cpp.cpp; path = problem_13.cpp; sourceTree = SOURCE_ROOT; };
		2E1EE0B01C176CA40018ECAD /* problem_14.cpp */ = {isa = PBXFileReference; fileEncoding = 4; lastKnownFileType = sourcecode.cpp.cpp; path = problem_14.cpp; sourceTree = SOURCE_ROOT; };
		2E1EE0B11C176CA40018ECAD /* problem_15.cpp */ = {isa = PBXFileReference; fileEncoding = 4; lastKnownFileType = sourcecode.cpp.cpp; path = problem_15.cpp; sourceTree = SOURCE_ROOT; };
		2E1EE0B21C176CA40018ECAD /* problem_16.cpp */ = {isa = PBXFileReference; fileEncoding = 4; lastKnownFileType = sourcecode.cpp.cpp; path = problem_16.cpp; sourceTree = SOURCE_ROOT; };
		2E1EE0B31C176CA40018ECAD /* problem_17.cpp */ = {isa = PBXFileReference; fileEncoding = 4; lastKnownFileType = sourcecode.cpp.cpp; path = problem_17.cpp; sourceTree = SOURCE_ROOT; };
		2E1EE0B41C176CA40018ECAD /* problem_18.cpp */ = {isa = PBXFileReference; fileEncoding = 4; lastKnownFileType = sourcecode.cpp.cpp; path = problem_18.cpp; sourceTree = SOURCE_ROOT; };
		2E1EE0B51C176CA40018ECAD /* problem_20.cpp */ = {isa = PBXFileReference; fileEncoding = 4; lastKnownFileType = sourcecode.cpp.cpp; path = problem_20.cpp; sourceTree = SOURCE_ROOT; };
		2E1EE0B61C176CA40018ECAD /* problem_21.cpp */ = {isa = PBXFileReference; fileEncoding = 4; lastKnownFileType = sourcecode.cpp.cpp; path = problem_21.cpp; sourceTree = SOURCE_ROOT; };
		2E1EE0B71C176CA40018ECAD /* problem_23.cpp */ = {isa = PBXFileReference; fileEncoding = 4; lastKnownFileType = sourcecode.cpp.cpp; path = problem_23.cpp; sourceTree = SOURCE_ROOT; };
		2E1EE0B81C176CA40018ECAD /* problem_25.cpp */ = {isa = PBXFileReference; fileEncoding = 4; lastKnownFileType = sourcecode.cpp.cpp; path = problem_25.cpp; sourceTree = SOURCE_ROOT; };
		2E1EE0B91C176CA40018ECAD /* problem_27.cpp */ = {isa = PBXFileReference; fileEncoding = 4; lastKnownFileType = sourcecode.cpp.cpp; path = problem_27.cpp; sourceTree = SOURCE_ROOT; };
		2E1EE0BA1C176CA40018ECAD /* problem_28.cpp */ = {isa = PBXFileReference; fileEncoding = 4; lastKnownFileType = sourcecode.cpp.cpp; path = problem_28.cpp; sourceTree = SOURCE_ROOT; };
		2E1EE0BB1C176CA40018ECAD /* problem_29.cpp */ = {isa = PBXFileReference; fileEncoding = 4; lastKnownFileType = sourcecode.cpp.cpp; path = problem_29.cpp; sourceTree = SOURCE_ROOT; };
		2E1EE0BC1C176CA40018ECAD /* problem_30.cpp */ = {isa = PBXFileReference; fileEncoding = 4; lastKnownFileType = sourcecode.cpp.cpp; path = problem_30.cpp; sourceTree = SOURCE_ROOT; };
		2E1EE0BD1C176CA40018ECAD /* problem_34.cpp */ = {isa = PBXFileReference; fileEncoding = 4; lastKnownFileType = sourcecode.cpp.cpp; path = problem_34.cpp; sourceTree = SOURCE_ROOT; };
		2E1EE0BE1C176CA40018ECAD /* problem_35.cpp */ = {isa = PBXFileReference; fileEncoding = 4; lastKnownFileType = sourcecode.cpp.cpp; path = problem_35.cpp; sourceTree = SOURCE_ROOT; };
		2E1EE0BF1C176CA40018ECAD /* problem_36.cpp */ = {isa = PBXFileReference; fileEncoding = 4; lastKnownFileType = sourcecode.cpp.cpp; path = problem_36.cpp; sourceTree = SOURCE_ROOT; };
		2E1EE0C01C176CA40018ECAD /* problem_37.cpp */ = {isa = PBXFileReference; fileEncoding = 4; lastKnownFileType = sourcecode.cpp.cpp; path = problem_37.cpp; sourceTree = SOURCE_ROOT; };
		2E1EE0C11C176CA40018ECAD /* problem_39.cpp */ = {isa = PBXFileReference; fileEncoding = 4; lastKnownFileType = sourcecode.cpp.cpp; path = problem_39.cpp; sourceTree = SOURCE_ROOT; };
		2E1EE0C21C176CA40018ECAD /* problem_42.cpp */ = {isa = PBXFileReference; fileEncoding = 4; lastKnownFileType = sourcecode.cpp.cpp; path = problem_42.cpp; sourceTree = SOURCE_ROOT; };
		2E1EE0C31C176CA40018ECAD /* problem_44.cpp */ = {isa = PBXFileReference; fileEncoding = 4; lastKnownFileType = sourcecode.cpp.cpp; path = problem_44.cpp; sourceTree = SOURCE_ROOT; };
		2E1EE0C41C176CA40018ECAD /* problem_45.cpp */ = {isa = PBXFileReference; fileEncoding = 4; lastKnownFileType = sourcecode.cpp.cpp; path = problem_45.cpp; sourceTree = SOURCE_ROOT; };
		2E1EE0C51C176CA40018ECAD /* problem_46.cpp */ = {isa = PBXFileReference; fileEncoding = 4; lastKnownFileType = sourcecode.cpp.cpp; path = problem_46.cpp; sourceTree = SOURCE_ROOT; };
		2E1EE0C61C176CA40018ECAD /* problem_48.cpp */ = {isa = PBXFileReference; fileEncoding = 4; lastKnownFileType = sourcecode.cpp.cpp; path = problem_48.cpp; sourceTree = SOURCE_ROOT; };
		2E1EE0C71C176CA40018ECAD /* problem_52.cpp */ = {isa = PBXFileReference; fileEncoding = 4; lastKnownFileType = sourcecode.cpp.cpp; path = problem_52.cpp; sourceTree = SOURCE_ROOT; };
		2E1EE0C81C176CA40018ECAD /* problem_53.cpp */ = {isa = PBXFileReference; fileEncoding = 4; lastKnownFileType = sourcecode.cpp.cpp; path = problem_53.cpp; sourceTree = SOURCE_ROOT; };
		2E1EE0C91C176CA40018ECAD /* problem_60.cpp */ = {isa = PBXFileReference; fileEncoding = 4; lastKnownFileType = sourcecode.cpp.cpp; path = problem_60.cpp; sourceTree = SOURCE_ROOT; };
		2E1EE0CA1C176CA40018ECAD /* problem_61.cpp */ = {isa = PBXFileReference; fileEncoding = 4; lastKnownFileType = sourcecode.cpp.cpp; path = problem_61.cpp; sourceTree = SOURCE_ROOT; };
		2E1EE0CB1C176CA40018ECAD /* problem_67.cpp */ = {isa = PBXFileReference; fileEncoding = 4; lastKnownFileType = sourcecode.cpp.cpp; path = problem_67.cpp; sourceTree = SOURCE_ROOT; };
		2E1EE0CC1C176CA40018ECAD /* problem_74.cpp */ = {isa = PBXFileReference; fileEncoding = 4; lastKnownFileType = sourcecode.cpp.cpp; path = problem_74.cpp; sourceTree = SOURCE_ROOT; };
		2E1EE0CD1C176CA40018ECAD /* problem_76.cpp */ = {isa = PBXFileReference; fileEncoding = 4; lastKnownFileType = sourcecode.cpp.cpp; path = problem_76.cpp; sourceTree = SOURCE_ROOT; };
		2E1EE0CE1C176CA40018ECAD /* problem_80.cpp */ = {isa = PBXFileReference; fileEncoding = 4; lastKnownFileType = sourcecode.cpp.cpp; path = problem_80.cpp; sourceTree = SOURCE_ROOT; };
		2E1EE0CF1C176CA40018ECAD /* problem_81.cpp */ = {isa = PBXFileReference; fileEncoding = 4; lastKnownFileType = sourcecode.cpp.cpp; path = problem_81.cpp; sourceTree = SOURCE_ROOT; };
		2E1EE0D01C176CA40018ECAD /* problem_82.cpp */ = {isa = PBXFileReference; fileEncoding = 4; lastKnownFileType = sourcecode.cpp.cpp; path = problem_82.cpp; sourceTree = SOURCE_ROOT; };
		2E1EE0D11C176CA40018ECAD /* problem_87.cpp */ = {isa = PBXFileReference; fileEncoding = 4; lastKnownFileType = sourcecode.cpp.cpp; path = problem_87.cpp; sourceTree = SOURCE_ROOT; };
		2E1EE0D21C176CA40018ECAD /* problem_92.cpp */ = {isa = PBXFileReference; fileEncoding = 4; lastKnownFileType = sourcecode.cpp.cpp; path = problem_92.cpp; sourceTree = SOURCE_ROOT; };
		2E1EE0D31C176CA40018ECAD /* problem_95.cpp */ = {isa = PBXFileReference; fileEncoding = 4; lastKnownFileType = sourcecode.cpp.cpp; path = problem_95.cpp; sourceTree = SOURCE_ROOT; };
		2E1EE0D41C176CA40018ECAD /* problem_99.cpp */ = {isa = PBXFileReference; fileEncoding = 4; lastKnownFileType = sourcecode.cpp.cpp; path = problem_99.cpp; sourceTree = SOURCE_ROOT; };
		2E42457F1C1B7E6C00663C31 /* projectEuler.pch */ = {isa = PBXFileReference; fileEncoding = 4; lastKnownFileType = sourcecode.c.h; path = projectEuler.pch; sourceTree = "<group>"; };
		2E6C675C1C0CD9A60055CF53 /* p081_matrix.txt */ = {isa = PBXFileReference; lastKnownFileType = text; path = p081_matrix.txt; sourceTree = SOURCE_ROOT; };
		2E758DC01C05FCA80016F016 /* numberChain.h */ = {isa = PBXFileReference; lastKnownFileType = sourcecode.c.h; path = numberChain.h; sourceTree = SOURCE_ROOT; };
		2E758DC21C05FCD30016F016 /* problem_base.h */ = {isa = PBXFileReference; lastKnownFileType = sourcecode.c.h; path = problem_base.h; sourceTree = SOURCE_ROOT; };
		2E7F44721BFF861F00FCB85B /* libProjectEuler.cpp */ = {isa = PBXFileReference; fileEncoding = 4; lastKnownFileType = sourcecode.cpp.cpp; path = libProjectEuler.cpp; sourceTree = SOURCE_ROOT; };
		2E7F44731BFF861F00FCB85B /* libProjectEuler.h */ = {isa = PBXFileReference; fileEncoding = 4; lastKnownFileType = sourcecode.c.h; path = libProjectEuler.h; sourceTree = SOURCE_ROOT; };
		2E7F44741BFF861F00FCB85B /* main.cpp */ = {isa = PBXFileReference; fileEncoding = 4; lastKnownFileType = sourcecode.cpp.cpp; path = main.cpp; sourceTree = SOURCE_ROOT; };
		2E7F44751BFF861F00FCB85B /* problem_1.cpp */ = {isa = PBXFileReference; fileEncoding = 4; lastKnownFileType = sourcecode.cpp.cpp; path = problem_1.cpp; sourceTree = SOURCE_ROOT; };
		2E7F44A51BFF863300FCB85B /* p018_triangle.txt */ = {isa = PBXFileReference; fileEncoding = 4; lastKnownFileType = text; path = p018_triangle.txt; sourceTree = SOURCE_ROOT; };
		2E7F44A61BFF863300FCB85B /* p042_words.txt */ = {isa = PBXFileReference; fileEncoding = 4; lastKnownFileType = text; path = p042_words.txt; sourceTree = SOURCE_ROOT; };
		2E7F44A71BFF863300FCB85B /* p067_triangle.txt */ = {isa = PBXFileReference; fileEncoding = 4; lastKnownFileType = text; path = p067_triangle.txt; sourceTree = SOURCE_ROOT; };
		2EA7B5711C1C9FF50034409C /* problem_32.cpp */ = {isa = PBXFileReference; fileEncoding = 4; lastKnownFileType = sourcecode.cpp.cpp; path = problem_32.cpp; sourceTree = "<group>"; };
		2EA7CE0C1C19CF3C0066C3F1 /* primes.h */ = {isa = PBXFileReference; fileEncoding = 4; lastKnownFileType = sourcecode.c.h; path = primes.h; sourceTree = "<group>"; };
		2EA7CE131C19D9EA0066C3F1 /* primes3.txt */ = {isa = PBXFileReference; lastKnownFileType = text; path = primes3.txt; sourceTree = "<group>"; };
		2EA7CE141C19D9EA0066C3F1 /* primes4.txt */ = {isa = PBXFileReference; lastKnownFileType = text; path = primes4.txt; sourceTree = "<group>"; };
		2EA7CE151C19D9EA0066C3F1 /* primes5.txt */ = {isa = PBXFileReference; lastKnownFileType = text; path = primes5.txt; sourceTree = "<group>"; };
		2EA7CE161C19D9EA0066C3F1 /* primes6.txt */ = {isa = PBXFileReference; lastKnownFileType = text; path = primes6.txt; sourceTree = "<group>"; };
		2EA7CE171C19D9EA0066C3F1 /* primes7.txt */ = {isa = PBXFileReference; lastKnownFileType = text; path = primes7.txt; sourceTree = "<group>"; };
		2EA7CE181C19D9EA0066C3F1 /* primes8.txt */ = {isa = PBXFileReference; lastKnownFileType = text; path = primes8.txt; sourceTree = "<group>"; };
		2EA7CE191C19D9EA0066C3F1 /* primes9.txt */ = {isa = PBXFileReference; lastKnownFileType = text; path = primes9.txt; sourceTree = "<group>"; };
		2EA7CE1A1C19D9EA0066C3F1 /* primes10.txt */ = {isa = PBXFileReference; lastKnownFileType = text; path = primes10.txt; sourceTree = "<group>"; };
		2EA7CE1B1C19D9EA0066C3F1 /* primes11.txt */ = {isa = PBXFileReference; lastKnownFileType = text; path = primes11.txt; sourceTree = "<group>"; };
		2EA7CE1C1C19D9EA0066C3F1 /* primes12.txt */ = {isa = PBXFileReference; lastKnownFileType = text; path = primes12.txt; sourceTree = "<group>"; };
		2EA7CE1D1C19D9EA0066C3F1 /* primes13.txt */ = {isa = PBXFileReference; lastKnownFileType = text; path = primes13.txt; sourceTree = "<group>"; };
		2EA7CE1E1C19D9EA0066C3F1 /* primes14.txt */ = {isa = PBXFileReference; lastKnownFileType = text; path = primes14.txt; sourceTree = "<group>"; };
		2EA7CE1F1C19D9EA0066C3F1 /* primes15.txt */ = {isa = PBXFileReference; lastKnownFileType = text; path = primes15.txt; sourceTree = "<group>"; };
		2EA7CE201C19D9EA0066C3F1 /* primes16.txt */ = {isa = PBXFileReference; lastKnownFileType = text; path = primes16.txt; sourceTree = "<group>"; };
		2EA7CE211C19D9EA0066C3F1 /* primes17.txt */ = {isa = PBXFileReference; lastKnownFileType = text; path = primes17.txt; sourceTree = "<group>"; };
		2EA7CE221C19D9EA0066C3F1 /* primes18.txt */ = {isa = PBXFileReference; lastKnownFileType = text; path = primes18.txt; sourceTree = "<group>"; };
		2EA7CE231C19D9EA0066C3F1 /* primes19.txt */ = {isa = PBXFileReference; lastKnownFileType = text; path = primes19.txt; sourceTree = "<group>"; };
		2EA7CE241C19D9EA0066C3F1 /* primes20.txt */ = {isa = PBXFileReference; lastKnownFileType = text; path = primes20.txt; sourceTree = "<group>"; };
		2EA7CE251C19D9EA0066C3F1 /* primes21.txt */ = {isa = PBXFileReference; lastKnownFileType = text; path = primes21.txt; sourceTree = "<group>"; };
		2EA7CE261C19D9EA0066C3F1 /* primes22.txt */ = {isa = PBXFileReference; lastKnownFileType = text; path = primes22.txt; sourceTree = "<group>"; };
		2EA7CE271C19D9EA0066C3F1 /* primes23.txt */ = {isa = PBXFileReference; lastKnownFileType = text; path = primes23.txt; sourceTree = "<group>"; };
		2EA7CE281C19D9EA0066C3F1 /* primes24.txt */ = {isa = PBXFileReference; lastKnownFileType = text; path = primes24.txt; sourceTree = "<group>"; };
		2EA7CE291C19D9EA0066C3F1 /* primes25.txt */ = {isa = PBXFileReference; lastKnownFileType = text; path = primes25.txt; sourceTree = "<group>"; };
		2EA7CE2A1C19D9EA0066C3F1 /* primes26.txt */ = {isa = PBXFileReference; lastKnownFileType = text; path = primes26.txt; sourceTree = "<group>"; };
		2EA7CE2B1C19D9EA0066C3F1 /* primes27.txt */ = {isa = PBXFileReference; lastKnownFileType = text; path = primes27.txt; sourceTree = "<group>"; };
		2EA7CE2C1C19D9EA0066C3F1 /* primes28.txt */ = {isa = PBXFileReference; lastKnownFileType = text; path = primes28.txt; sourceTree = "<group>"; };
		2EA7CE2D1C19D9EA0066C3F1 /* primes29.txt */ = {isa = PBXFileReference; lastKnownFileType = text; path = primes29.txt; sourceTree = "<group>"; };
		2EA7CE2E1C19D9EA0066C3F1 /* primes30.txt */ = {isa = PBXFileReference; lastKnownFileType = text; path = primes30.txt; sourceTree = "<group>"; };
		2EA7CE2F1C19D9EA0066C3F1 /* primes31.txt */ = {isa = PBXFileReference; lastKnownFileType = text; path = primes31.txt; sourceTree = "<group>"; };
		2EA7CE301C19D9EA0066C3F1 /* primes32.txt */ = {isa = PBXFileReference; lastKnownFileType = text; path = primes32.txt; sourceTree = "<group>"; };
		2EA7CE311C19D9EA0066C3F1 /* primes33.txt */ = {isa = PBXFileReference; lastKnownFileType = text; path = primes33.txt; sourceTree = "<group>"; };
		2EA7CE321C19D9EA0066C3F1 /* primes34.txt */ = {isa = PBXFileReference; lastKnownFileType = text; path = primes34.txt; sourceTree = "<group>"; };
		2EA7CE331C19D9EA0066C3F1 /* primes35.txt */ = {isa = PBXFileReference; lastKnownFileType = text; path = primes35.txt; sourceTree = "<group>"; };
		2EA7CE341C19D9EA0066C3F1 /* primes36.txt */ = {isa = PBXFileReference; lastKnownFileType = text; path = primes36.txt; sourceTree = "<group>"; };
		2EA7CE351C19D9EA0066C3F1 /* primes37.txt */ = {isa = PBXFileReference; lastKnownFileType = text; path = primes37.txt; sourceTree = "<group>"; };
		2EA7CE361C19D9EA0066C3F1 /* primes38.txt */ = {isa = PBXFileReference; lastKnownFileType = text; path = primes38.txt; sourceTree = "<group>"; };
		2EA7CE371C19D9EA0066C3F1 /* primes39.txt */ = {isa = PBXFileReference; lastKnownFileType = text; path = primes39.txt; sourceTree = "<group>"; };
		2EA7CE381C19D9EA0066C3F1 /* primes40.txt */ = {isa = PBXFileReference; lastKnownFileType = text; path = primes40.txt; sourceTree = "<group>"; };
		2EA7CE391C19D9EA0066C3F1 /* primes41.txt */ = {isa = PBXFileReference; lastKnownFileType = text; path = primes41.txt; sourceTree = "<group>"; };
		2EA7CE3A1C19D9EA0066C3F1 /* primes42.txt */ = {isa = PBXFileReference; lastKnownFileType = text; path = primes42.txt; sourceTree = "<group>"; };
		2EA7CE3B1C19D9EA0066C3F1 /* primes43.txt */ = {isa = PBXFileReference; lastKnownFileType = text; path = primes43.txt; sourceTree = "<group>"; };
		2EA7CE3C1C19D9EA0066C3F1 /* primes44.txt */ = {isa = PBXFileReference; lastKnownFileType = text; path = primes44.txt; sourceTree = "<group>"; };
		2EA7CE3D1C19D9EA0066C3F1 /* primes45.txt */ = {isa = PBXFileReference; lastKnownFileType = text; path = primes45.txt; sourceTree = "<group>"; };
		2EA7CE3E1C19D9EA0066C3F1 /* primes46.txt */ = {isa = PBXFileReference; lastKnownFileType = text; path = primes46.txt; sourceTree = "<group>"; };
		2EA7CE3F1C19D9EA0066C3F1 /* primes47.txt */ = {isa = PBXFileReference; lastKnownFileType = text; path = primes47.txt; sourceTree = "<group>"; };
		2EA7CE401C19D9EA0066C3F1 /* primes48.txt */ = {isa = PBXFileReference; lastKnownFileType = text; path = primes48.txt; sourceTree = "<group>"; };
		2EA7CE411C19D9EA0066C3F1 /* primes49.txt */ = {isa = PBXFileReference; lastKnownFileType = text; path = primes49.txt; sourceTree = "<group>"; };
		2EA7CE421C19D9EA0066C3F1 /* primes50.txt */ = {isa = PBXFileReference; lastKnownFileType = text; path = primes50.txt; sourceTree = "<group>"; };
		2EA7CE451C19DA130066C3F1 /* primes1.txt */ = {isa = PBXFileReference; lastKnownFileType = text; path = primes1.txt; sourceTree = "<group>"; };
		2EA7CE461C19DA130066C3F1 /* primes2.txt */ = {isa = PBXFileReference; lastKnownFileType = text; path = primes2.txt; sourceTree = "<group>"; };
		2EB9FE841C1C912C00FACDF3 /* problem_38.cpp */ = {isa = PBXFileReference; fileEncoding = 4; lastKnownFileType = sourcecode.cpp.cpp; path = problem_38.cpp; sourceTree = "<group>"; };
		2EBD56C21C1A323200D481AD /* primes.cpp */ = {isa = PBXFileReference; fileEncoding = 4; lastKnownFileType = sourcecode.cpp.cpp; path = primes.cpp; sourceTree = "<group>"; };
		2EC7466F1C024B29003F8119 /* p099_base_exp.txt */ = {isa = PBXFileReference; lastKnownFileType = text; path = p099_base_exp.txt; sourceTree = SOURCE_ROOT; };
		2EC7E1651BFF47130068DA60 /* ProjectEuler */ = {isa = PBXFileReference; explicitFileType = "compiled.mach-o.executable"; includeInIndex = 0; path = ProjectEuler; sourceTree = BUILT_PRODUCTS_DIR; };
		2EF327361C14B357002FE5C3 /* problem_factory.h */ = {isa = PBXFileReference; lastKnownFileType = sourcecode.c.h; path = problem_factory.h; sourceTree = SOURCE_ROOT; };
		2EF4252A1C0F3C6200B7E34F /* p082_matrix.txt */ = {isa = PBXFileReference; lastKnownFileType = text; path = p082_matrix.txt; sourceTree = SOURCE_ROOT; };
/* End PBXFileReference section */

/* Begin PBXFrameworksBuildPhase section */
		2EC7E1621BFF47130068DA60 /* Frameworks */ = {
			isa = PBXFrameworksBuildPhase;
			buildActionMask = 2147483647;
			files = (
			);
			runOnlyForDeploymentPostprocessing = 0;
		};
/* End PBXFrameworksBuildPhase section */

/* Begin PBXGroup section */
		2EA7CE0E1C19D0590066C3F1 /* resources */ = {
			isa = PBXGroup;
			children = (
				2EA7CE451C19DA130066C3F1 /* primes1.txt */,
				2EA7CE461C19DA130066C3F1 /* primes2.txt */,
				2EA7CE131C19D9EA0066C3F1 /* primes3.txt */,
				2EA7CE141C19D9EA0066C3F1 /* primes4.txt */,
				2EA7CE151C19D9EA0066C3F1 /* primes5.txt */,
				2EA7CE161C19D9EA0066C3F1 /* primes6.txt */,
				2EA7CE171C19D9EA0066C3F1 /* primes7.txt */,
				2EA7CE181C19D9EA0066C3F1 /* primes8.txt */,
				2EA7CE191C19D9EA0066C3F1 /* primes9.txt */,
				2EA7CE1A1C19D9EA0066C3F1 /* primes10.txt */,
				2EA7CE1B1C19D9EA0066C3F1 /* primes11.txt */,
				2EA7CE1C1C19D9EA0066C3F1 /* primes12.txt */,
				2EA7CE1D1C19D9EA0066C3F1 /* primes13.txt */,
				2EA7CE1E1C19D9EA0066C3F1 /* primes14.txt */,
				2EA7CE1F1C19D9EA0066C3F1 /* primes15.txt */,
				2EA7CE201C19D9EA0066C3F1 /* primes16.txt */,
				2EA7CE211C19D9EA0066C3F1 /* primes17.txt */,
				2EA7CE221C19D9EA0066C3F1 /* primes18.txt */,
				2EA7CE231C19D9EA0066C3F1 /* primes19.txt */,
				2EA7CE241C19D9EA0066C3F1 /* primes20.txt */,
				2EA7CE251C19D9EA0066C3F1 /* primes21.txt */,
				2EA7CE261C19D9EA0066C3F1 /* primes22.txt */,
				2EA7CE271C19D9EA0066C3F1 /* primes23.txt */,
				2EA7CE281C19D9EA0066C3F1 /* primes24.txt */,
				2EA7CE291C19D9EA0066C3F1 /* primes25.txt */,
				2EA7CE2A1C19D9EA0066C3F1 /* primes26.txt */,
				2EA7CE2B1C19D9EA0066C3F1 /* primes27.txt */,
				2EA7CE2C1C19D9EA0066C3F1 /* primes28.txt */,
				2EA7CE2D1C19D9EA0066C3F1 /* primes29.txt */,
				2EA7CE2E1C19D9EA0066C3F1 /* primes30.txt */,
				2EA7CE2F1C19D9EA0066C3F1 /* primes31.txt */,
				2EA7CE301C19D9EA0066C3F1 /* primes32.txt */,
				2EA7CE311C19D9EA0066C3F1 /* primes33.txt */,
				2EA7CE321C19D9EA0066C3F1 /* primes34.txt */,
				2EA7CE331C19D9EA0066C3F1 /* primes35.txt */,
				2EA7CE341C19D9EA0066C3F1 /* primes36.txt */,
				2EA7CE351C19D9EA0066C3F1 /* primes37.txt */,
				2EA7CE361C19D9EA0066C3F1 /* primes38.txt */,
				2EA7CE371C19D9EA0066C3F1 /* primes39.txt */,
				2EA7CE381C19D9EA0066C3F1 /* primes40.txt */,
				2EA7CE391C19D9EA0066C3F1 /* primes41.txt */,
				2EA7CE3A1C19D9EA0066C3F1 /* primes42.txt */,
				2EA7CE3B1C19D9EA0066C3F1 /* primes43.txt */,
				2EA7CE3C1C19D9EA0066C3F1 /* primes44.txt */,
				2EA7CE3D1C19D9EA0066C3F1 /* primes45.txt */,
				2EA7CE3E1C19D9EA0066C3F1 /* primes46.txt */,
				2EA7CE3F1C19D9EA0066C3F1 /* primes47.txt */,
				2EA7CE401C19D9EA0066C3F1 /* primes48.txt */,
				2EA7CE411C19D9EA0066C3F1 /* primes49.txt */,
				2EA7CE421C19D9EA0066C3F1 /* primes50.txt */,
				2E7F44A51BFF863300FCB85B /* p018_triangle.txt */,
				2E7F44A61BFF863300FCB85B /* p042_words.txt */,
				2E7F44A71BFF863300FCB85B /* p067_triangle.txt */,
				2E6C675C1C0CD9A60055CF53 /* p081_matrix.txt */,
				2EF4252A1C0F3C6200B7E34F /* p082_matrix.txt */,
				2EC7466F1C024B29003F8119 /* p099_base_exp.txt */,
			);
			name = resources;
			sourceTree = "<group>";
		};
		2EA7CE101C19D06F0066C3F1 /* src */ = {
			isa = PBXGroup;
			children = (
				2E42457F1C1B7E6C00663C31 /* projectEuler.pch */,
				2E7F44741BFF861F00FCB85B /* main.cpp */,
				2EA7CE111C19D0780066C3F1 /* lib */,
				2EA7CE121C19D0840066C3F1 /* problems */,
			);
			name = src;
			sourceTree = "<group>";
		};
		2EA7CE111C19D0780066C3F1 /* lib */ = {
			isa = PBXGroup;
			children = (
				2E7F44731BFF861F00FCB85B /* libProjectEuler.h */,
				2E7F44721BFF861F00FCB85B /* libProjectEuler.cpp */,
				2EA7CE0C1C19CF3C0066C3F1 /* primes.h */,
				2EBD56C21C1A323200D481AD /* primes.cpp */,
				2E1A0F3B1C18A83500D028D5 /* hashMap.h */,
				2E758DC01C05FCA80016F016 /* numberChain.h */,
			);
			name = lib;
			sourceTree = "<group>";
		};
		2EA7CE121C19D0840066C3F1 /* problems */ = {
			isa = PBXGroup;
			children = (
				2EF327361C14B357002FE5C3 /* problem_factory.h */,
				2E758DC21C05FCD30016F016 /* problem_base.h */,
				2E7F44751BFF861F00FCB85B /* problem_1.cpp */,
				2E1EE0A41C176CA40018ECAD /* problem_2.cpp */,
				2E1EE0A51C176CA40018ECAD /* problem_3.cpp */,
				2E1EE0A61C176CA40018ECAD /* problem_4.cpp */,
				2E1EE0A71C176CA40018ECAD /* problem_5.cpp */,
				2E1EE0A81C176CA40018ECAD /* problem_6.cpp */,
				2E1EE0A91C176CA40018ECAD /* problem_7.cpp */,
				2E1EE0AA1C176CA40018ECAD /* problem_8.cpp */,
				2E1EE0AB1C176CA40018ECAD /* problem_9.cpp */,
				2E1EE0AC1C176CA40018ECAD /* problem_10.cpp */,
				2E1EE0AD1C176CA40018ECAD /* problem_11.cpp */,
				2E1EE0AE1C176CA40018ECAD /* problem_12.cpp */,
				2E1EE0AF1C176CA40018ECAD /* problem_13.cpp */,
				2E1EE0B01C176CA40018ECAD /* problem_14.cpp */,
				2E1EE0B11C176CA40018ECAD /* problem_15.cpp */,
				2E1EE0B21C176CA40018ECAD /* problem_16.cpp */,
				2E1EE0B31C176CA40018ECAD /* problem_17.cpp */,
				2E1EE0B41C176CA40018ECAD /* problem_18.cpp */,
				2E1EE0B51C176CA40018ECAD /* problem_20.cpp */,
				2E1EE0B61C176CA40018ECAD /* problem_21.cpp */,
				2E1EE0B71C176CA40018ECAD /* problem_23.cpp */,
				2E1EE0B81C176CA40018ECAD /* problem_25.cpp */,
				2E1EE0B91C176CA40018ECAD /* problem_27.cpp */,
				2E1EE0BA1C176CA40018ECAD /* problem_28.cpp */,
				2E1EE0BB1C176CA40018ECAD /* problem_29.cpp */,
				2E1EE0BC1C176CA40018ECAD /* problem_30.cpp */,
				2EA7B5711C1C9FF50034409C /* problem_32.cpp */,
				2E1EE0BD1C176CA40018ECAD /* problem_34.cpp */,
				2E1EE0BE1C176CA40018ECAD /* problem_35.cpp */,
				2E1EE0BF1C176CA40018ECAD /* problem_36.cpp */,
				2E1EE0C01C176CA40018ECAD /* problem_37.cpp */,
				2EB9FE841C1C912C00FACDF3 /* problem_38.cpp */,
				2E1EE0C11C176CA40018ECAD /* problem_39.cpp */,
				2E1EE0C21C176CA40018ECAD /* problem_42.cpp */,
				2E1EE0C31C176CA40018ECAD /* problem_44.cpp */,
				2E1EE0C41C176CA40018ECAD /* problem_45.cpp */,
				2E1EE0C51C176CA40018ECAD /* problem_46.cpp */,
				2E1EE0C61C176CA40018ECAD /* problem_48.cpp */,
				2E1EE0C71C176CA40018ECAD /* problem_52.cpp */,
				2E1EE0C81C176CA40018ECAD /* problem_53.cpp */,
				2E1EE0C91C176CA40018ECAD /* problem_60.cpp */,
				2E1EE0CA1C176CA40018ECAD /* problem_61.cpp */,
				2E1EE0CB1C176CA40018ECAD /* problem_67.cpp */,
				2E1EE0CC1C176CA40018ECAD /* problem_74.cpp */,
				2E1EE0CD1C176CA40018ECAD /* problem_76.cpp */,
				2E1EE0CE1C176CA40018ECAD /* problem_80.cpp */,
				2E1EE0CF1C176CA40018ECAD /* problem_81.cpp */,
				2E1EE0D01C176CA40018ECAD /* problem_82.cpp */,
				2E1EE0D11C176CA40018ECAD /* problem_87.cpp */,
				2E1EE0D21C176CA40018ECAD /* problem_92.cpp */,
				2E1EE0D31C176CA40018ECAD /* problem_95.cpp */,
				2E1EE0D41C176CA40018ECAD /* problem_99.cpp */,
			);
			name = problems;
			sourceTree = "<group>";
		};
		2EC7E15C1BFF47130068DA60 = {
			isa = PBXGroup;
			children = (
				2EA7CE101C19D06F0066C3F1 /* src */,
				2EA7CE0E1C19D0590066C3F1 /* resources */,
				2EC7E1661BFF47130068DA60 /* Products */,
			);
			sourceTree = "<group>";
		};
		2EC7E1661BFF47130068DA60 /* Products */ = {
			isa = PBXGroup;
			children = (
				2EC7E1651BFF47130068DA60 /* ProjectEuler */,
			);
			name = Products;
			sourceTree = "<group>";
		};
/* End PBXGroup section */

/* Begin PBXNativeTarget section */
		2EC7E1641BFF47130068DA60 /* ProjectEuler */ = {
			isa = PBXNativeTarget;
			buildConfigurationList = 2EC7E16C1BFF47130068DA60 /* Build configuration list for PBXNativeTarget "ProjectEuler" */;
			buildPhases = (
				2EC7E1611BFF47130068DA60 /* Sources */,
				2EC7E1621BFF47130068DA60 /* Frameworks */,
				2EC7E1631BFF47130068DA60 /* CopyFiles */,
			);
			buildRules = (
			);
			dependencies = (
			);
			name = ProjectEuler;
			productName = ProjectEuler;
			productReference = 2EC7E1651BFF47130068DA60 /* ProjectEuler */;
			productType = "com.apple.product-type.tool";
		};
/* End PBXNativeTarget section */

/* Begin PBXProject section */
		2EC7E15D1BFF47130068DA60 /* Project object */ = {
			isa = PBXProject;
			attributes = {
				LastUpgradeCheck = 0710;
				ORGANIZATIONNAME = "Pat Sluth";
				TargetAttributes = {
					2EC7E1641BFF47130068DA60 = {
						CreatedOnToolsVersion = 7.1.1;
					};
				};
			};
			buildConfigurationList = 2EC7E1601BFF47130068DA60 /* Build configuration list for PBXProject "ProjectEuler" */;
			compatibilityVersion = "Xcode 3.2";
			developmentRegion = English;
			hasScannedForEncodings = 0;
			knownRegions = (
				en,
			);
			mainGroup = 2EC7E15C1BFF47130068DA60;
			productRefGroup = 2EC7E1661BFF47130068DA60 /* Products */;
			projectDirPath = "";
			projectRoot = "";
			targets = (
				2EC7E1641BFF47130068DA60 /* ProjectEuler */,
			);
		};
/* End PBXProject section */

/* Begin PBXSourcesBuildPhase section */
		2EC7E1611BFF47130068DA60 /* Sources */ = {
			isa = PBXSourcesBuildPhase;
			buildActionMask = 2147483647;
			files = (
				2E7F448D1BFF861F00FCB85B /* main.cpp in Sources */,
				2EA7B5721C1C9FF50034409C /* problem_32.cpp in Sources */,
				2E29BE281C1B0BEA00C800E3 /* problem_80.cpp in Sources */,
				2E29BE071C1B0BEA00C800E3 /* problem_11.cpp in Sources */,
				2E29BE041C1B0BEA00C800E3 /* problem_8.cpp in Sources */,
				2E29BE231C1B0BEA00C800E3 /* problem_60.cpp in Sources */,
				2E29BE1D1C1B0BEA00C800E3 /* problem_44.cpp in Sources */,
				2E29BE2B1C1B0BEA00C800E3 /* problem_87.cpp in Sources */,
				2E29BE181C1B0BEA00C800E3 /* problem_35.cpp in Sources */,
				2E29BE271C1B0BEA00C800E3 /* problem_76.cpp in Sources */,
				2E29BE2D1C1B0BEA00C800E3 /* problem_95.cpp in Sources */,
				2E29BE261C1B0BEA00C800E3 /* problem_74.cpp in Sources */,
				2E29BE0F1C1B0BEA00C800E3 /* problem_20.cpp in Sources */,
				2E29BE211C1B0BEA00C800E3 /* problem_52.cpp in Sources */,
				2E29BE091C1B0BEA00C800E3 /* problem_13.cpp in Sources */,
				2E29BE2E1C1B0BEA00C800E3 /* problem_99.cpp in Sources */,
				2E7F448C1BFF861F00FCB85B /* libProjectEuler.cpp in Sources */,
				2EBD56C41C1A368300D481AD /* primes.cpp in Sources */,
				2E29BE031C1B0BEA00C800E3 /* problem_7.cpp in Sources */,
				2E29BE221C1B0BEA00C800E3 /* problem_53.cpp in Sources */,
				2E29BE011C1B0BEA00C800E3 /* problem_5.cpp in Sources */,
				2E29BE141C1B0BEA00C800E3 /* problem_28.cpp in Sources */,
				2E29BE0E1C1B0BEA00C800E3 /* problem_18.cpp in Sources */,
				2E29BDFE1C1B0BEA00C800E3 /* problem_2.cpp in Sources */,
				2E29BE021C1B0BEA00C800E3 /* problem_6.cpp in Sources */,
				2E29BE1A1C1B0BEA00C800E3 /* problem_37.cpp in Sources */,
				2E29BE161C1B0BEA00C800E3 /* problem_30.cpp in Sources */,
				2E29BE0C1C1B0BEA00C800E3 /* problem_16.cpp in Sources */,
				2E29BE1E1C1B0BEA00C800E3 /* problem_45.cpp in Sources */,
				2E29BE2A1C1B0BEA00C800E3 /* problem_82.cpp in Sources */,
				2E29BE0D1C1B0BEA00C800E3 /* problem_17.cpp in Sources */,
				2E29BE061C1B0BEA00C800E3 /* problem_10.cpp in Sources */,
				2E29BE0B1C1B0BEA00C800E3 /* problem_15.cpp in Sources */,
				2E29BE131C1B0BEA00C800E3 /* problem_27.cpp in Sources */,
				2E29BE1C1C1B0BEA00C800E3 /* problem_42.cpp in Sources */,
				2E29BE121C1B0BEA00C800E3 /* problem_25.cpp in Sources */,
				2E29BE001C1B0BEA00C800E3 /* problem_4.cpp in Sources */,
				2E29BE081C1B0BEA00C800E3 /* problem_12.cpp in Sources */,
				2E29BDFD1C1B0BEA00C800E3 /* problem_1.cpp in Sources */,
				2E29BE1B1C1B0BEA00C800E3 /* problem_39.cpp in Sources */,
				2E29BE251C1B0BEA00C800E3 /* problem_67.cpp in Sources */,
				2E29BE191C1B0BEA00C800E3 /* problem_36.cpp in Sources */,
				2E29BE241C1B0BEA00C800E3 /* problem_61.cpp in Sources */,
				2E29BE2C1C1B0BEA00C800E3 /* problem_92.cpp in Sources */,
				2E29BDFF1C1B0BEA00C800E3 /* problem_3.cpp in Sources */,
				2E29BE111C1B0BEA00C800E3 /* problem_23.cpp in Sources */,
				2E29BE291C1B0BEA00C800E3 /* problem_81.cpp in Sources */,
				2EB9FE851C1C912C00FACDF3 /* problem_38.cpp in Sources */,
				2E29BE201C1B0BEA00C800E3 /* problem_48.cpp in Sources */,
				2E29BE0A1C1B0BEA00C800E3 /* problem_14.cpp in Sources */,
				2E29BE171C1B0BEA00C800E3 /* problem_34.cpp in Sources */,
				2E29BE101C1B0BEA00C800E3 /* problem_21.cpp in Sources */,
				2E29BE1F1C1B0BEA00C800E3 /* problem_46.cpp in Sources */,
				2E29BE151C1B0BEA00C800E3 /* problem_29.cpp in Sources */,
				2E29BE051C1B0BEA00C800E3 /* problem_9.cpp in Sources */,
			);
			runOnlyForDeploymentPostprocessing = 0;
		};
/* End PBXSourcesBuildPhase section */

/* Begin XCBuildConfiguration section */
		2EC7E16A1BFF47130068DA60 /* Debug */ = {
			isa = XCBuildConfiguration;
			buildSettings = {
				ALWAYS_SEARCH_USER_PATHS = NO;
				CLANG_CXX_LANGUAGE_STANDARD = "c++14";
				CLANG_CXX_LIBRARY = "libc++";
				CLANG_ENABLE_MODULES = YES;
				CLANG_ENABLE_OBJC_ARC = YES;
				CLANG_WARN_BOOL_CONVERSION = YES;
				CLANG_WARN_CONSTANT_CONVERSION = YES;
				CLANG_WARN_DIRECT_OBJC_ISA_USAGE = YES_ERROR;
				CLANG_WARN_EMPTY_BODY = YES;
				CLANG_WARN_ENUM_CONVERSION = YES;
				CLANG_WARN_INT_CONVERSION = YES;
				CLANG_WARN_OBJC_ROOT_CLASS = YES_ERROR;
				CLANG_WARN_UNREACHABLE_CODE = YES;
				CLANG_WARN__DUPLICATE_METHOD_MATCH = YES;
				CODE_SIGN_IDENTITY = "-";
				COPY_PHASE_STRIP = NO;
				DEBUG_INFORMATION_FORMAT = dwarf;
				ENABLE_STRICT_OBJC_MSGSEND = YES;
				ENABLE_TESTABILITY = YES;
				GCC_C_LANGUAGE_STANDARD = gnu99;
				GCC_DYNAMIC_NO_PIC = NO;
				GCC_NO_COMMON_BLOCKS = YES;
				GCC_OPTIMIZATION_LEVEL = 0;
				GCC_PREPROCESSOR_DEFINITIONS = (
					"DEBUG=1",
					"$(inherited)",
				);
				GCC_WARN_64_TO_32_BIT_CONVERSION = YES;
				GCC_WARN_ABOUT_RETURN_TYPE = YES_ERROR;
				GCC_WARN_UNDECLARED_SELECTOR = YES;
				GCC_WARN_UNINITIALIZED_AUTOS = YES_AGGRESSIVE;
				GCC_WARN_UNUSED_FUNCTION = YES;
				GCC_WARN_UNUSED_VARIABLE = YES;
				HEADER_SEARCH_PATHS = "";
				LIBRARY_SEARCH_PATHS = "";
				MACOSX_DEPLOYMENT_TARGET = 10.11;
				MTL_ENABLE_DEBUG_INFO = YES;
				ONLY_ACTIVE_ARCH = YES;
				SDKROOT = macosx;
			};
			name = Debug;
		};
		2EC7E16B1BFF47130068DA60 /* Release */ = {
			isa = XCBuildConfiguration;
			buildSettings = {
				ALWAYS_SEARCH_USER_PATHS = NO;
				CLANG_CXX_LANGUAGE_STANDARD = "c++14";
				CLANG_CXX_LIBRARY = "libc++";
				CLANG_ENABLE_MODULES = YES;
				CLANG_ENABLE_OBJC_ARC = YES;
				CLANG_WARN_BOOL_CONVERSION = YES;
				CLANG_WARN_CONSTANT_CONVERSION = YES;
				CLANG_WARN_DIRECT_OBJC_ISA_USAGE = YES_ERROR;
				CLANG_WARN_EMPTY_BODY = YES;
				CLANG_WARN_ENUM_CONVERSION = YES;
				CLANG_WARN_INT_CONVERSION = YES;
				CLANG_WARN_OBJC_ROOT_CLASS = YES_ERROR;
				CLANG_WARN_UNREACHABLE_CODE = YES;
				CLANG_WARN__DUPLICATE_METHOD_MATCH = YES;
				CODE_SIGN_IDENTITY = "-";
				COPY_PHASE_STRIP = NO;
				DEBUG_INFORMATION_FORMAT = "dwarf-with-dsym";
				ENABLE_NS_ASSERTIONS = NO;
				ENABLE_STRICT_OBJC_MSGSEND = YES;
				GCC_C_LANGUAGE_STANDARD = gnu99;
				GCC_NO_COMMON_BLOCKS = YES;
				GCC_WARN_64_TO_32_BIT_CONVERSION = YES;
				GCC_WARN_ABOUT_RETURN_TYPE = YES_ERROR;
				GCC_WARN_UNDECLARED_SELECTOR = YES;
				GCC_WARN_UNINITIALIZED_AUTOS = YES_AGGRESSIVE;
				GCC_WARN_UNUSED_FUNCTION = YES;
				GCC_WARN_UNUSED_VARIABLE = YES;
				HEADER_SEARCH_PATHS = "";
				LIBRARY_SEARCH_PATHS = "";
				MACOSX_DEPLOYMENT_TARGET = 10.11;
				MTL_ENABLE_DEBUG_INFO = NO;
				SDKROOT = macosx;
			};
			name = Release;
		};
		2EC7E16D1BFF47130068DA60 /* Debug */ = {
			isa = XCBuildConfiguration;
			buildSettings = {
				CLANG_CXX_LANGUAGE_STANDARD = "c++0x";
				CLANG_CXX_LIBRARY = "libc++";
				GCC_OPTIMIZATION_LEVEL = 0;
				GCC_PRECOMPILE_PREFIX_HEADER = YES;
				GCC_PREFIX_HEADER = projectEuler.pch;
				GCC_WARN_64_TO_32_BIT_CONVERSION = NO;
				HEADER_SEARCH_PATHS = (
					"$(inherited)",
					/usr/local/Cellar/boost/1.59.0/include,
				);
				LIBRARY_SEARCH_PATHS = "";
				PRODUCT_NAME = "$(TARGET_NAME)";
				STRIP_INSTALLED_PRODUCT = NO;
			};
			name = Debug;
		};
		2EC7E16E1BFF47130068DA60 /* Release */ = {
			isa = XCBuildConfiguration;
			buildSettings = {
				CLANG_CXX_LANGUAGE_STANDARD = "c++0x";
				CLANG_CXX_LIBRARY = "libc++";
				GCC_OPTIMIZATION_LEVEL = 0;
				GCC_PRECOMPILE_PREFIX_HEADER = YES;
				GCC_PREFIX_HEADER = projectEuler.pch;
				GCC_WARN_64_TO_32_BIT_CONVERSION = NO;
				HEADER_SEARCH_PATHS = (
					"$(inherited)",
					/usr/local/Cellar/boost/1.59.0/include,
				);
				LIBRARY_SEARCH_PATHS = "";
				PRODUCT_NAME = "$(TARGET_NAME)";
				STRIP_INSTALLED_PRODUCT = NO;
			};
			name = Release;
		};
/* End XCBuildConfiguration section */

/* Begin XCConfigurationList section */
		2EC7E1601BFF47130068DA60 /* Build configuration list for PBXProject "ProjectEuler" */ = {
			isa = XCConfigurationList;
			buildConfigurations = (
				2EC7E16A1BFF47130068DA60 /* Debug */,
				2EC7E16B1BFF47130068DA60 /* Release */,
			);
			defaultConfigurationIsVisible = 0;
			defaultConfigurationName = Debug;
		};
		2EC7E16C1BFF47130068DA60 /* Build configuration list for PBXNativeTarget "ProjectEuler" */ = {
			isa = XCConfigurationList;
			buildConfigurations = (
				2EC7E16D1BFF47130068DA60 /* Debug */,
				2EC7E16E1BFF47130068DA60 /* Release */,
			);
			defaultConfigurationIsVisible = 0;
			defaultConfigurationName = Debug;
		};
/* End XCConfigurationList section */
	};
	rootObject = 2EC7E15D1BFF47130068DA60 /* Project object */;
}
