// !$*UTF8*$!
{
	archiveVersion = 1;
	classes = {
	};
	objectVersion = 46;
	objects = {

/* Begin PBXBuildFile section */
		2E0E76EE1CFF26F200C98C26 /* Problem_71.mm in Sources */ = {isa = PBXBuildFile; fileRef = 2E0E76ED1CFF26F200C98C26 /* Problem_71.mm */; };
		2E0E76F01CFF6E6500C98C26 /* Problem_55.mm in Sources */ = {isa = PBXBuildFile; fileRef = 2E0E76EF1CFF6E6500C98C26 /* Problem_55.mm */; };
		2E144F791CFCB7ED008FF342 /* Primes in CopyFiles */ = {isa = PBXBuildFile; fileRef = 2E144F781CFCB7E0008FF342 /* Primes */; };
		2E144F7B1CFCB9B4008FF342 /* Problem_96.mm in Sources */ = {isa = PBXBuildFile; fileRef = 2E144F7A1CFCB9B4008FF342 /* Problem_96.mm */; };
		2E14B9FB1D034DEB00B2CEF3 /* Problem_148.mm in Sources */ = {isa = PBXBuildFile; fileRef = 2E14B9FA1D034DEB00B2CEF3 /* Problem_148.mm */; };
		2E1967331CF604D200EF3601 /* Problem_17.mm in Sources */ = {isa = PBXBuildFile; fileRef = 2E1967321CF604D200EF3601 /* Problem_17.mm */; };
		2E1967351CF60D3500EF3601 /* Problem_43.mm in Sources */ = {isa = PBXBuildFile; fileRef = 2E1967341CF60D3500EF3601 /* Problem_43.mm */; };
		2E3B406D1D09D5F60096164E /* Problem_206.mm in Sources */ = {isa = PBXBuildFile; fileRef = 2E3B406C1D09D5F60096164E /* Problem_206.mm */; };
		2E3D3CA61D00A57200B57BB9 /* Problem_145.mm in Sources */ = {isa = PBXBuildFile; fileRef = 2E3D3CA51D00A57200B57BB9 /* Problem_145.mm */; };
		2E3D3CA81D00BEF400B57BB9 /* Problem_75.mm in Sources */ = {isa = PBXBuildFile; fileRef = 2E3D3CA71D00BEF400B57BB9 /* Problem_75.mm */; };
		2E44F8AE1CF76FD000A4B22A /* Problem_59.mm in Sources */ = {isa = PBXBuildFile; fileRef = 2E44F8AD1CF76FD000A4B22A /* Problem_59.mm */; };
		2E6046F61D047A1700FE84B6 /* Problem_33.mm in Sources */ = {isa = PBXBuildFile; fileRef = 2E6046F51D047A1700FE84B6 /* Problem_33.mm */; };
		2E6046FB1D04940500FE84B6 /* Problem_40.mm in Sources */ = {isa = PBXBuildFile; fileRef = 2E6046FA1D04940500FE84B6 /* Problem_40.mm */; };
		2E6046FD1D049CB000FE84B6 /* Problem_57.mm in Sources */ = {isa = PBXBuildFile; fileRef = 2E6046FC1D049CB000FE84B6 /* Problem_57.mm */; };
		2E77CD7E1CF88B97003A49E3 /* Problem_77.mm in Sources */ = {isa = PBXBuildFile; fileRef = 2E77CD7D1CF88B97003A49E3 /* Problem_77.mm */; };
		2E77CD801CF88EA8003A49E3 /* Problem_79.mm in Sources */ = {isa = PBXBuildFile; fileRef = 2E77CD7F1CF88EA8003A49E3 /* Problem_79.mm */; };
		2E77CD831CF88EFF003A49E3 /* p018_triangle.txt in CopyFiles */ = {isa = PBXBuildFile; fileRef = 2EF42AC11CE7935C008D8C2B /* p018_triangle.txt */; };
		2E77CD841CF88EFF003A49E3 /* p022_names.txt in CopyFiles */ = {isa = PBXBuildFile; fileRef = 2EF42AC21CE7935C008D8C2B /* p022_names.txt */; };
		2E77CD851CF88EFF003A49E3 /* p042_words.txt in CopyFiles */ = {isa = PBXBuildFile; fileRef = 2EF42AC31CE7935C008D8C2B /* p042_words.txt */; };
		2E77CD861CF88EFF003A49E3 /* p054_poker.txt in CopyFiles */ = {isa = PBXBuildFile; fileRef = 2EF42AC41CE7935C008D8C2B /* p054_poker.txt */; };
		2E77CD871CF88EFF003A49E3 /* p059_cipher.txt in CopyFiles */ = {isa = PBXBuildFile; fileRef = 2E44F8AF1CF7702000A4B22A /* p059_cipher.txt */; };
		2E77CD881CF88EFF003A49E3 /* p067_triangle.txt in CopyFiles */ = {isa = PBXBuildFile; fileRef = 2EF42AC51CE7935C008D8C2B /* p067_triangle.txt */; };
		2E77CD891CF88EFF003A49E3 /* p079_keylog.txt in CopyFiles */ = {isa = PBXBuildFile; fileRef = 2E77CD811CF88EDB003A49E3 /* p079_keylog.txt */; };
		2E77CD8A1CF88EFF003A49E3 /* p096_sudoku.txt in CopyFiles */ = {isa = PBXBuildFile; fileRef = 2E77CD821CF88EE1003A49E3 /* p096_sudoku.txt */; };
		2E77CD8B1CF88EFF003A49E3 /* p081_matrix.txt in CopyFiles */ = {isa = PBXBuildFile; fileRef = 2EF42AC61CE7935C008D8C2B /* p081_matrix.txt */; };
		2E77CD8C1CF88EFF003A49E3 /* p082_matrix.txt in CopyFiles */ = {isa = PBXBuildFile; fileRef = 2EF42AC71CE7935C008D8C2B /* p082_matrix.txt */; };
		2E77CD8D1CF88EFF003A49E3 /* p099_base_exp.txt in CopyFiles */ = {isa = PBXBuildFile; fileRef = 2EF42AC81CE7935C008D8C2B /* p099_base_exp.txt */; };
		2E786ABF1CE8D2A4008BFEC4 /* Problem_78.mm in Sources */ = {isa = PBXBuildFile; fileRef = 2E786ABE1CE8D2A4008BFEC4 /* Problem_78.mm */; };
		2E8830E31CF9F2D3003FD187 /* Problem_112.mm in Sources */ = {isa = PBXBuildFile; fileRef = 2E8830E21CF9F2D3003FD187 /* Problem_112.mm */; };
		2E8830E51CFA0084003FD187 /* Problem_113.mm in Sources */ = {isa = PBXBuildFile; fileRef = 2E8830E41CFA0084003FD187 /* Problem_113.mm */; };
		2E8830E71CFA026E003FD187 /* Problem_19.mm in Sources */ = {isa = PBXBuildFile; fileRef = 2E8830E61CFA026E003FD187 /* Problem_19.mm */; };
		2E8830E91CFA0E78003FD187 /* Problem_58.mm in Sources */ = {isa = PBXBuildFile; fileRef = 2E8830E81CFA0E78003FD187 /* Problem_58.mm */; };
		2E9246281CEF71CB00695E74 /* Problem_49.mm in Sources */ = {isa = PBXBuildFile; fileRef = 2E9246271CEF71CB00695E74 /* Problem_49.mm */; };
		2EA0714B1CF4DC0A007B06A4 /* Problem_50.mm in Sources */ = {isa = PBXBuildFile; fileRef = 2EA0714A1CF4D90F007B06A4 /* Problem_50.mm */; };
		2EACD1C41CEE01560092761A /* Problem_63.mm in Sources */ = {isa = PBXBuildFile; fileRef = 2EACD1C31CEE01560092761A /* Problem_63.mm */; };
		2EACDFE21CFC9CDF0048C81A /* p089_roman.txt in CopyFiles */ = {isa = PBXBuildFile; fileRef = 2EACDFE11CFC9CD40048C81A /* p089_roman.txt */; };
		2EACDFE41CFC9CF90048C81A /* Problem_89.mm in Sources */ = {isa = PBXBuildFile; fileRef = 2EACDFE31CFC9CF90048C81A /* Problem_89.mm */; };
		2EACDFE61CFCB5F20048C81A /* Problem_265.mm in Sources */ = {isa = PBXBuildFile; fileRef = 2EACDFE51CFCB5F20048C81A /* Problem_265.mm */; };
		2EB384771D02052900030F35 /* Problem_61.mm in Sources */ = {isa = PBXBuildFile; fileRef = 2EB384761D02052800030F35 /* Problem_61.mm */; };
		2EBF59131CFBB2AE000F86BF /* Problem_26.mm in Sources */ = {isa = PBXBuildFile; fileRef = 2EBF59121CFBB2AE000F86BF /* Problem_26.mm */; };
		2EC1AEF21CECD9F800553C6D /* Problem_24.mm in Sources */ = {isa = PBXBuildFile; fileRef = 2EC1AEF11CECD9F800553C6D /* Problem_24.mm */; };
		2ED419BA1D29A0C900A4F0EB /* Problem_65.mm in Sources */ = {isa = PBXBuildFile; fileRef = 2ED419B91D29A0C900A4F0EB /* Problem_65.mm */; };
		2ED7849A1D05B6560073528D /* p102_triangles.txt in CopyFiles */ = {isa = PBXBuildFile; fileRef = 2ED784991D05B6410073528D /* p102_triangles.txt */; };
		2ED7849C1D05B6700073528D /* Problem_102.mm in Sources */ = {isa = PBXBuildFile; fileRef = 2ED7849B1D05B6700073528D /* Problem_102.mm */; };
		2ED7849E1D05C4FF0073528D /* GLKit.framework in Frameworks */ = {isa = PBXBuildFile; fileRef = 2ED7849D1D05C4FE0073528D /* GLKit.framework */; };
		2ED784A11D05D5D90073528D /* Problem_62.mm in Sources */ = {isa = PBXBuildFile; fileRef = 2ED784A01D05D5D90073528D /* Problem_62.mm */; };
		2ED784A31D05DD060073528D /* Problem_56.mm in Sources */ = {isa = PBXBuildFile; fileRef = 2ED784A21D05DD060073528D /* Problem_56.mm */; };
		2EF42B3C1CE7935C008D8C2B /* libProjectEuler.mm in Sources */ = {isa = PBXBuildFile; fileRef = 2EF42B001CE7935C008D8C2B /* libProjectEuler.mm */; };
		2EF42B3D1CE7935C008D8C2B /* primes.mm in Sources */ = {isa = PBXBuildFile; fileRef = 2EF42B031CE7935C008D8C2B /* primes.mm */; };
		2EF42B3E1CE7935C008D8C2B /* main.m in Sources */ = {isa = PBXBuildFile; fileRef = 2EF42B041CE7935C008D8C2B /* main.m */; };
		2EF42B3F1CE7935C008D8C2B /* Problem_1.mm in Sources */ = {isa = PBXBuildFile; fileRef = 2EF42B061CE7935C008D8C2B /* Problem_1.mm */; };
		2EF42B401CE7935C008D8C2B /* Problem_10.mm in Sources */ = {isa = PBXBuildFile; fileRef = 2EF42B071CE7935C008D8C2B /* Problem_10.mm */; };
		2EF42B411CE7935C008D8C2B /* Problem_11.mm in Sources */ = {isa = PBXBuildFile; fileRef = 2EF42B081CE7935C008D8C2B /* Problem_11.mm */; };
		2EF42B421CE7935C008D8C2B /* Problem_12.mm in Sources */ = {isa = PBXBuildFile; fileRef = 2EF42B091CE7935C008D8C2B /* Problem_12.mm */; };
		2EF42B431CE7935C008D8C2B /* Problem_13.mm in Sources */ = {isa = PBXBuildFile; fileRef = 2EF42B0A1CE7935C008D8C2B /* Problem_13.mm */; };
		2EF42B441CE7935C008D8C2B /* Problem_14.mm in Sources */ = {isa = PBXBuildFile; fileRef = 2EF42B0B1CE7935C008D8C2B /* Problem_14.mm */; };
		2EF42B451CE7935C008D8C2B /* Problem_15.mm in Sources */ = {isa = PBXBuildFile; fileRef = 2EF42B0C1CE7935C008D8C2B /* Problem_15.mm */; };
		2EF42B461CE7935C008D8C2B /* Problem_16.mm in Sources */ = {isa = PBXBuildFile; fileRef = 2EF42B0D1CE7935C008D8C2B /* Problem_16.mm */; };
		2EF42B471CE7935C008D8C2B /* Problem_18.mm in Sources */ = {isa = PBXBuildFile; fileRef = 2EF42B0E1CE7935C008D8C2B /* Problem_18.mm */; };
		2EF42B481CE7935C008D8C2B /* Problem_2.mm in Sources */ = {isa = PBXBuildFile; fileRef = 2EF42B0F1CE7935C008D8C2B /* Problem_2.mm */; };
		2EF42B491CE7935C008D8C2B /* Problem_20.mm in Sources */ = {isa = PBXBuildFile; fileRef = 2EF42B101CE7935C008D8C2B /* Problem_20.mm */; };
		2EF42B4A1CE7935C008D8C2B /* Problem_21.mm in Sources */ = {isa = PBXBuildFile; fileRef = 2EF42B111CE7935C008D8C2B /* Problem_21.mm */; };
		2EF42B4B1CE7935C008D8C2B /* Problem_22.mm in Sources */ = {isa = PBXBuildFile; fileRef = 2EF42B121CE7935C008D8C2B /* Problem_22.mm */; };
		2EF42B4C1CE7935C008D8C2B /* Problem_23.mm in Sources */ = {isa = PBXBuildFile; fileRef = 2EF42B131CE7935C008D8C2B /* Problem_23.mm */; };
		2EF42B4D1CE7935C008D8C2B /* Problem_25.mm in Sources */ = {isa = PBXBuildFile; fileRef = 2EF42B141CE7935C008D8C2B /* Problem_25.mm */; };
		2EF42B4E1CE7935C008D8C2B /* Problem_27.mm in Sources */ = {isa = PBXBuildFile; fileRef = 2EF42B151CE7935C008D8C2B /* Problem_27.mm */; };
		2EF42B4F1CE7935C008D8C2B /* Problem_28.mm in Sources */ = {isa = PBXBuildFile; fileRef = 2EF42B161CE7935C008D8C2B /* Problem_28.mm */; };
		2EF42B501CE7935C008D8C2B /* Problem_29.mm in Sources */ = {isa = PBXBuildFile; fileRef = 2EF42B171CE7935C008D8C2B /* Problem_29.mm */; };
		2EF42B511CE7935C008D8C2B /* Problem_3.mm in Sources */ = {isa = PBXBuildFile; fileRef = 2EF42B181CE7935C008D8C2B /* Problem_3.mm */; };
		2EF42B521CE7935C008D8C2B /* Problem_30.mm in Sources */ = {isa = PBXBuildFile; fileRef = 2EF42B191CE7935C008D8C2B /* Problem_30.mm */; };
		2EF42B531CE7935C008D8C2B /* Problem_31.mm in Sources */ = {isa = PBXBuildFile; fileRef = 2EF42B1A1CE7935C008D8C2B /* Problem_31.mm */; };
		2EF42B541CE7935C008D8C2B /* Problem_32.mm in Sources */ = {isa = PBXBuildFile; fileRef = 2EF42B1B1CE7935C008D8C2B /* Problem_32.mm */; };
		2EF42B551CE7935C008D8C2B /* Problem_34.mm in Sources */ = {isa = PBXBuildFile; fileRef = 2EF42B1C1CE7935C008D8C2B /* Problem_34.mm */; };
		2EF42B561CE7935C008D8C2B /* Problem_35.mm in Sources */ = {isa = PBXBuildFile; fileRef = 2EF42B1D1CE7935C008D8C2B /* Problem_35.mm */; };
		2EF42B571CE7935C008D8C2B /* Problem_36.mm in Sources */ = {isa = PBXBuildFile; fileRef = 2EF42B1E1CE7935C008D8C2B /* Problem_36.mm */; };
		2EF42B581CE7935C008D8C2B /* Problem_37.mm in Sources */ = {isa = PBXBuildFile; fileRef = 2EF42B1F1CE7935C008D8C2B /* Problem_37.mm */; };
		2EF42B591CE7935C008D8C2B /* Problem_38.mm in Sources */ = {isa = PBXBuildFile; fileRef = 2EF42B201CE7935C008D8C2B /* Problem_38.mm */; };
		2EF42B5A1CE7935C008D8C2B /* Problem_39.mm in Sources */ = {isa = PBXBuildFile; fileRef = 2EF42B211CE7935C008D8C2B /* Problem_39.mm */; };
		2EF42B5B1CE7935C008D8C2B /* Problem_4.mm in Sources */ = {isa = PBXBuildFile; fileRef = 2EF42B221CE7935C008D8C2B /* Problem_4.mm */; };
		2EF42B5C1CE7935C008D8C2B /* Problem_41.mm in Sources */ = {isa = PBXBuildFile; fileRef = 2EF42B231CE7935C008D8C2B /* Problem_41.mm */; };
		2EF42B5D1CE7935C008D8C2B /* Problem_42.mm in Sources */ = {isa = PBXBuildFile; fileRef = 2EF42B241CE7935C008D8C2B /* Problem_42.mm */; };
		2EF42B5E1CE7935C008D8C2B /* Problem_44.mm in Sources */ = {isa = PBXBuildFile; fileRef = 2EF42B251CE7935C008D8C2B /* Problem_44.mm */; };
		2EF42B5F1CE7935C008D8C2B /* Problem_45.mm in Sources */ = {isa = PBXBuildFile; fileRef = 2EF42B261CE7935C008D8C2B /* Problem_45.mm */; };
		2EF42B601CE7935C008D8C2B /* Problem_46.mm in Sources */ = {isa = PBXBuildFile; fileRef = 2EF42B271CE7935C008D8C2B /* Problem_46.mm */; };
		2EF42B611CE7935C008D8C2B /* Problem_48.mm in Sources */ = {isa = PBXBuildFile; fileRef = 2EF42B281CE7935C008D8C2B /* Problem_48.mm */; };
		2EF42B621CE7935C008D8C2B /* Problem_5.mm in Sources */ = {isa = PBXBuildFile; fileRef = 2EF42B291CE7935C008D8C2B /* Problem_5.mm */; };
		2EF42B631CE7935C008D8C2B /* Problem_52.mm in Sources */ = {isa = PBXBuildFile; fileRef = 2EF42B2A1CE7935C008D8C2B /* Problem_52.mm */; };
		2EF42B641CE7935C008D8C2B /* Problem_53.mm in Sources */ = {isa = PBXBuildFile; fileRef = 2EF42B2B1CE7935C008D8C2B /* Problem_53.mm */; };
		2EF42B651CE7935C008D8C2B /* Problem_54.mm in Sources */ = {isa = PBXBuildFile; fileRef = 2EF42B2C1CE7935C008D8C2B /* Problem_54.mm */; };
		2EF42B661CE7935C008D8C2B /* Problem_6.mm in Sources */ = {isa = PBXBuildFile; fileRef = 2EF42B2D1CE7935C008D8C2B /* Problem_6.mm */; };
		2EF42B671CE7935C008D8C2B /* Problem_60.mm in Sources */ = {isa = PBXBuildFile; fileRef = 2EF42B2E1CE7935C008D8C2B /* Problem_60.mm */; };
		2EF42B681CE7935C008D8C2B /* Problem_67.mm in Sources */ = {isa = PBXBuildFile; fileRef = 2EF42B2F1CE7935C008D8C2B /* Problem_67.mm */; };
		2EF42B6A1CE7935C008D8C2B /* Problem_7.mm in Sources */ = {isa = PBXBuildFile; fileRef = 2EF42B311CE7935C008D8C2B /* Problem_7.mm */; };
		2EF42B6B1CE7935C008D8C2B /* Problem_74.mm in Sources */ = {isa = PBXBuildFile; fileRef = 2EF42B321CE7935C008D8C2B /* Problem_74.mm */; };
		2EF42B6C1CE7935C008D8C2B /* Problem_8.mm in Sources */ = {isa = PBXBuildFile; fileRef = 2EF42B331CE7935C008D8C2B /* Problem_8.mm */; };
		2EF42B6D1CE7935C008D8C2B /* Problem_81.mm in Sources */ = {isa = PBXBuildFile; fileRef = 2EF42B341CE7935C008D8C2B /* Problem_81.mm */; };
		2EF42B6E1CE7935C008D8C2B /* Problem_87.mm in Sources */ = {isa = PBXBuildFile; fileRef = 2EF42B351CE7935C008D8C2B /* Problem_87.mm */; };
		2EF42B6F1CE7935C008D8C2B /* Problem_9.mm in Sources */ = {isa = PBXBuildFile; fileRef = 2EF42B361CE7935C008D8C2B /* Problem_9.mm */; };
		2EF42B701CE7935C008D8C2B /* Problem_92.mm in Sources */ = {isa = PBXBuildFile; fileRef = 2EF42B371CE7935C008D8C2B /* Problem_92.mm */; };
		2EF42B711CE7935C008D8C2B /* Problem_95.mm in Sources */ = {isa = PBXBuildFile; fileRef = 2EF42B381CE7935C008D8C2B /* Problem_95.mm */; };
		2EF42B721CE7935C008D8C2B /* Problem_99.mm in Sources */ = {isa = PBXBuildFile; fileRef = 2EF42B391CE7935C008D8C2B /* Problem_99.mm */; };
		2EF42B731CE7935C008D8C2B /* ProblemBase.m in Sources */ = {isa = PBXBuildFile; fileRef = 2EF42B3B1CE7935C008D8C2B /* ProblemBase.m */; };
		2EF60EDF1D070EFE00342FA4 /* Problem_47.mm in Sources */ = {isa = PBXBuildFile; fileRef = 2EF60EDE1D070EFE00342FA4 /* Problem_47.mm */; };
/* End PBXBuildFile section */

/* Begin PBXCopyFilesBuildPhase section */
		2EF429FC1CE79287008D8C2B /* CopyFiles */ = {
			isa = PBXCopyFilesBuildPhase;
			buildActionMask = 12;
			dstPath = "";
			dstSubfolderSpec = 16;
			files = (
				2E77CD831CF88EFF003A49E3 /* p018_triangle.txt in CopyFiles */,
				2E77CD841CF88EFF003A49E3 /* p022_names.txt in CopyFiles */,
				2E77CD851CF88EFF003A49E3 /* p042_words.txt in CopyFiles */,
				2E77CD861CF88EFF003A49E3 /* p054_poker.txt in CopyFiles */,
				2E77CD871CF88EFF003A49E3 /* p059_cipher.txt in CopyFiles */,
				2E77CD881CF88EFF003A49E3 /* p067_triangle.txt in CopyFiles */,
				2E77CD891CF88EFF003A49E3 /* p079_keylog.txt in CopyFiles */,
				2E77CD8A1CF88EFF003A49E3 /* p096_sudoku.txt in CopyFiles */,
				2E77CD8B1CF88EFF003A49E3 /* p081_matrix.txt in CopyFiles */,
				2E77CD8C1CF88EFF003A49E3 /* p082_matrix.txt in CopyFiles */,
				2EACDFE21CFC9CDF0048C81A /* p089_roman.txt in CopyFiles */,
				2E77CD8D1CF88EFF003A49E3 /* p099_base_exp.txt in CopyFiles */,
				2ED7849A1D05B6560073528D /* p102_triangles.txt in CopyFiles */,
				2E144F791CFCB7ED008FF342 /* Primes in CopyFiles */,
			);
			runOnlyForDeploymentPostprocessing = 0;
		};
/* End PBXCopyFilesBuildPhase section */

/* Begin PBXFileReference section */
		2E0E76ED1CFF26F200C98C26 /* Problem_71.mm */ = {isa = PBXFileReference; fileEncoding = 4; lastKnownFileType = sourcecode.cpp.objcpp; path = Problem_71.mm; sourceTree = "<group>"; };
		2E0E76EF1CFF6E6500C98C26 /* Problem_55.mm */ = {isa = PBXFileReference; fileEncoding = 4; lastKnownFileType = sourcecode.cpp.objcpp; path = Problem_55.mm; sourceTree = "<group>"; };
		2E144F781CFCB7E0008FF342 /* Primes */ = {isa = PBXFileReference; lastKnownFileType = folder; path = Primes; sourceTree = "<group>"; };
		2E144F7A1CFCB9B4008FF342 /* Problem_96.mm */ = {isa = PBXFileReference; fileEncoding = 4; lastKnownFileType = sourcecode.cpp.objcpp; path = Problem_96.mm; sourceTree = "<group>"; };
		2E14B9FA1D034DEB00B2CEF3 /* Problem_148.mm */ = {isa = PBXFileReference; fileEncoding = 4; lastKnownFileType = sourcecode.cpp.objcpp; path = Problem_148.mm; sourceTree = "<group>"; };
		2E1967321CF604D200EF3601 /* Problem_17.mm */ = {isa = PBXFileReference; fileEncoding = 4; lastKnownFileType = sourcecode.cpp.objcpp; path = Problem_17.mm; sourceTree = "<group>"; };
		2E1967341CF60D3500EF3601 /* Problem_43.mm */ = {isa = PBXFileReference; fileEncoding = 4; lastKnownFileType = sourcecode.cpp.objcpp; path = Problem_43.mm; sourceTree = "<group>"; };
		2E3B406C1D09D5F60096164E /* Problem_206.mm */ = {isa = PBXFileReference; fileEncoding = 4; lastKnownFileType = sourcecode.cpp.objcpp; path = Problem_206.mm; sourceTree = "<group>"; };
		2E3D3CA51D00A57200B57BB9 /* Problem_145.mm */ = {isa = PBXFileReference; fileEncoding = 4; lastKnownFileType = sourcecode.cpp.objcpp; path = Problem_145.mm; sourceTree = "<group>"; };
		2E3D3CA71D00BEF400B57BB9 /* Problem_75.mm */ = {isa = PBXFileReference; fileEncoding = 4; lastKnownFileType = sourcecode.cpp.objcpp; path = Problem_75.mm; sourceTree = "<group>"; };
		2E44F8AD1CF76FD000A4B22A /* Problem_59.mm */ = {isa = PBXFileReference; fileEncoding = 4; lastKnownFileType = sourcecode.cpp.objcpp; path = Problem_59.mm; sourceTree = "<group>"; };
		2E44F8AF1CF7702000A4B22A /* p059_cipher.txt */ = {isa = PBXFileReference; fileEncoding = 4; lastKnownFileType = text; path = p059_cipher.txt; sourceTree = "<group>"; };
		2E6046F51D047A1700FE84B6 /* Problem_33.mm */ = {isa = PBXFileReference; fileEncoding = 4; lastKnownFileType = sourcecode.cpp.objcpp; path = Problem_33.mm; sourceTree = "<group>"; };
		2E6046F71D047AAA00FE84B6 /* sudoku.h */ = {isa = PBXFileReference; lastKnownFileType = sourcecode.c.h; path = sudoku.h; sourceTree = "<group>"; };
		2E6046FA1D04940500FE84B6 /* Problem_40.mm */ = {isa = PBXFileReference; fileEncoding = 4; lastKnownFileType = sourcecode.cpp.objcpp; path = Problem_40.mm; sourceTree = "<group>"; };
		2E6046FC1D049CB000FE84B6 /* Problem_57.mm */ = {isa = PBXFileReference; fileEncoding = 4; lastKnownFileType = sourcecode.cpp.objcpp; path = Problem_57.mm; sourceTree = "<group>"; };
		2E77CD7D1CF88B97003A49E3 /* Problem_77.mm */ = {isa = PBXFileReference; fileEncoding = 4; lastKnownFileType = sourcecode.cpp.objcpp; path = Problem_77.mm; sourceTree = "<group>"; };
		2E77CD7F1CF88EA8003A49E3 /* Problem_79.mm */ = {isa = PBXFileReference; fileEncoding = 4; lastKnownFileType = sourcecode.cpp.objcpp; path = Problem_79.mm; sourceTree = "<group>"; };
		2E77CD811CF88EDB003A49E3 /* p079_keylog.txt */ = {isa = PBXFileReference; fileEncoding = 4; lastKnownFileType = text; path = p079_keylog.txt; sourceTree = "<group>"; };
		2E77CD821CF88EE1003A49E3 /* p096_sudoku.txt */ = {isa = PBXFileReference; fileEncoding = 4; lastKnownFileType = text; path = p096_sudoku.txt; sourceTree = "<group>"; };
		2E786ABE1CE8D2A4008BFEC4 /* Problem_78.mm */ = {isa = PBXFileReference; fileEncoding = 4; lastKnownFileType = sourcecode.cpp.objcpp; path = Problem_78.mm; sourceTree = "<group>"; };
		2E8830E21CF9F2D3003FD187 /* Problem_112.mm */ = {isa = PBXFileReference; fileEncoding = 4; lastKnownFileType = sourcecode.cpp.objcpp; path = Problem_112.mm; sourceTree = "<group>"; };
		2E8830E41CFA0084003FD187 /* Problem_113.mm */ = {isa = PBXFileReference; fileEncoding = 4; lastKnownFileType = sourcecode.cpp.objcpp; path = Problem_113.mm; sourceTree = "<group>"; };
		2E8830E61CFA026E003FD187 /* Problem_19.mm */ = {isa = PBXFileReference; fileEncoding = 4; lastKnownFileType = sourcecode.cpp.objcpp; path = Problem_19.mm; sourceTree = "<group>"; };
		2E8830E81CFA0E78003FD187 /* Problem_58.mm */ = {isa = PBXFileReference; fileEncoding = 4; lastKnownFileType = sourcecode.cpp.objcpp; path = Problem_58.mm; sourceTree = "<group>"; };
		2E9246271CEF71CB00695E74 /* Problem_49.mm */ = {isa = PBXFileReference; fileEncoding = 4; lastKnownFileType = sourcecode.cpp.objcpp; path = Problem_49.mm; sourceTree = "<group>"; };
		2EA0714A1CF4D90F007B06A4 /* Problem_50.mm */ = {isa = PBXFileReference; fileEncoding = 4; lastKnownFileType = sourcecode.cpp.objcpp; path = Problem_50.mm; sourceTree = "<group>"; };
		2EACD1C31CEE01560092761A /* Problem_63.mm */ = {isa = PBXFileReference; fileEncoding = 4; lastKnownFileType = sourcecode.cpp.objcpp; path = Problem_63.mm; sourceTree = "<group>"; };
		2EACDFE11CFC9CD40048C81A /* p089_roman.txt */ = {isa = PBXFileReference; fileEncoding = 4; lastKnownFileType = text; path = p089_roman.txt; sourceTree = "<group>"; };
		2EACDFE31CFC9CF90048C81A /* Problem_89.mm */ = {isa = PBXFileReference; fileEncoding = 4; lastKnownFileType = sourcecode.cpp.objcpp; path = Problem_89.mm; sourceTree = "<group>"; };
		2EACDFE51CFCB5F20048C81A /* Problem_265.mm */ = {isa = PBXFileReference; fileEncoding = 4; lastKnownFileType = sourcecode.cpp.objcpp; path = Problem_265.mm; sourceTree = "<group>"; };
		2EB384761D02052800030F35 /* Problem_61.mm */ = {isa = PBXFileReference; fileEncoding = 4; lastKnownFileType = sourcecode.cpp.objcpp; path = Problem_61.mm; sourceTree = "<group>"; };
		2EBF59121CFBB2AE000F86BF /* Problem_26.mm */ = {isa = PBXFileReference; fileEncoding = 4; lastKnownFileType = sourcecode.cpp.objcpp; path = Problem_26.mm; sourceTree = "<group>"; };
		2EC1AEF11CECD9F800553C6D /* Problem_24.mm */ = {isa = PBXFileReference; fileEncoding = 4; lastKnownFileType = sourcecode.cpp.objcpp; path = Problem_24.mm; sourceTree = "<group>"; };
		2ED419B91D29A0C900A4F0EB /* Problem_65.mm */ = {isa = PBXFileReference; fileEncoding = 4; lastKnownFileType = sourcecode.cpp.objcpp; path = Problem_65.mm; sourceTree = "<group>"; };
		2ED784991D05B6410073528D /* p102_triangles.txt */ = {isa = PBXFileReference; fileEncoding = 4; lastKnownFileType = text; path = p102_triangles.txt; sourceTree = "<group>"; };
		2ED7849B1D05B6700073528D /* Problem_102.mm */ = {isa = PBXFileReference; fileEncoding = 4; lastKnownFileType = sourcecode.cpp.objcpp; path = Problem_102.mm; sourceTree = "<group>"; };
		2ED7849D1D05C4FE0073528D /* GLKit.framework */ = {isa = PBXFileReference; lastKnownFileType = wrapper.framework; name = GLKit.framework; path = System/Library/Frameworks/GLKit.framework; sourceTree = SDKROOT; };
		2ED784A01D05D5D90073528D /* Problem_62.mm */ = {isa = PBXFileReference; fileEncoding = 4; lastKnownFileType = sourcecode.cpp.objcpp; path = Problem_62.mm; sourceTree = "<group>"; };
		2ED784A21D05DD060073528D /* Problem_56.mm */ = {isa = PBXFileReference; fileEncoding = 4; lastKnownFileType = sourcecode.cpp.objcpp; path = Problem_56.mm; sourceTree = "<group>"; };
		2EF429FE1CE79287008D8C2B /* ProjectEuler */ = {isa = PBXFileReference; explicitFileType = "compiled.mach-o.executable"; includeInIndex = 0; path = ProjectEuler; sourceTree = BUILT_PRODUCTS_DIR; };
		2EF42AC11CE7935C008D8C2B /* p018_triangle.txt */ = {isa = PBXFileReference; fileEncoding = 4; lastKnownFileType = text; path = p018_triangle.txt; sourceTree = "<group>"; };
		2EF42AC21CE7935C008D8C2B /* p022_names.txt */ = {isa = PBXFileReference; fileEncoding = 4; lastKnownFileType = text; path = p022_names.txt; sourceTree = "<group>"; };
		2EF42AC31CE7935C008D8C2B /* p042_words.txt */ = {isa = PBXFileReference; fileEncoding = 4; lastKnownFileType = text; path = p042_words.txt; sourceTree = "<group>"; };
		2EF42AC41CE7935C008D8C2B /* p054_poker.txt */ = {isa = PBXFileReference; fileEncoding = 4; lastKnownFileType = text; path = p054_poker.txt; sourceTree = "<group>"; };
		2EF42AC51CE7935C008D8C2B /* p067_triangle.txt */ = {isa = PBXFileReference; fileEncoding = 4; lastKnownFileType = text; path = p067_triangle.txt; sourceTree = "<group>"; };
		2EF42AC61CE7935C008D8C2B /* p081_matrix.txt */ = {isa = PBXFileReference; fileEncoding = 4; lastKnownFileType = text; path = p081_matrix.txt; sourceTree = "<group>"; };
		2EF42AC71CE7935C008D8C2B /* p082_matrix.txt */ = {isa = PBXFileReference; fileEncoding = 4; lastKnownFileType = text; path = p082_matrix.txt; sourceTree = "<group>"; };
		2EF42AC81CE7935C008D8C2B /* p099_base_exp.txt */ = {isa = PBXFileReference; fileEncoding = 4; lastKnownFileType = text; path = p099_base_exp.txt; sourceTree = "<group>"; };
		2EF42AFE1CE7935C008D8C2B /* hashMap.h */ = {isa = PBXFileReference; fileEncoding = 4; lastKnownFileType = sourcecode.c.h; path = hashMap.h; sourceTree = "<group>"; };
		2EF42AFF1CE7935C008D8C2B /* libProjectEuler.h */ = {isa = PBXFileReference; fileEncoding = 4; lastKnownFileType = sourcecode.c.h; path = libProjectEuler.h; sourceTree = "<group>"; };
		2EF42B001CE7935C008D8C2B /* libProjectEuler.mm */ = {isa = PBXFileReference; fileEncoding = 4; lastKnownFileType = sourcecode.cpp.objcpp; path = libProjectEuler.mm; sourceTree = "<group>"; };
		2EF42B011CE7935C008D8C2B /* numberChain.h */ = {isa = PBXFileReference; fileEncoding = 4; lastKnownFileType = sourcecode.c.h; path = numberChain.h; sourceTree = "<group>"; };
		2EF42B021CE7935C008D8C2B /* primes.h */ = {isa = PBXFileReference; fileEncoding = 4; lastKnownFileType = sourcecode.c.h; path = primes.h; sourceTree = "<group>"; };
		2EF42B031CE7935C008D8C2B /* primes.mm */ = {isa = PBXFileReference; fileEncoding = 4; lastKnownFileType = sourcecode.cpp.objcpp; path = primes.mm; sourceTree = "<group>"; };
		2EF42B041CE7935C008D8C2B /* main.m */ = {isa = PBXFileReference; fileEncoding = 4; lastKnownFileType = sourcecode.c.objc; path = main.m; sourceTree = "<group>"; };
		2EF42B061CE7935C008D8C2B /* Problem_1.mm */ = {isa = PBXFileReference; fileEncoding = 4; lastKnownFileType = sourcecode.cpp.objcpp; path = Problem_1.mm; sourceTree = "<group>"; };
		2EF42B071CE7935C008D8C2B /* Problem_10.mm */ = {isa = PBXFileReference; fileEncoding = 4; lastKnownFileType = sourcecode.cpp.objcpp; path = Problem_10.mm; sourceTree = "<group>"; };
		2EF42B081CE7935C008D8C2B /* Problem_11.mm */ = {isa = PBXFileReference; fileEncoding = 4; lastKnownFileType = sourcecode.cpp.objcpp; path = Problem_11.mm; sourceTree = "<group>"; };
		2EF42B091CE7935C008D8C2B /* Problem_12.mm */ = {isa = PBXFileReference; fileEncoding = 4; lastKnownFileType = sourcecode.cpp.objcpp; path = Problem_12.mm; sourceTree = "<group>"; };
		2EF42B0A1CE7935C008D8C2B /* Problem_13.mm */ = {isa = PBXFileReference; fileEncoding = 4; lastKnownFileType = sourcecode.cpp.objcpp; path = Problem_13.mm; sourceTree = "<group>"; };
		2EF42B0B1CE7935C008D8C2B /* Problem_14.mm */ = {isa = PBXFileReference; fileEncoding = 4; lastKnownFileType = sourcecode.cpp.objcpp; path = Problem_14.mm; sourceTree = "<group>"; };
		2EF42B0C1CE7935C008D8C2B /* Problem_15.mm */ = {isa = PBXFileReference; fileEncoding = 4; lastKnownFileType = sourcecode.cpp.objcpp; path = Problem_15.mm; sourceTree = "<group>"; };
		2EF42B0D1CE7935C008D8C2B /* Problem_16.mm */ = {isa = PBXFileReference; fileEncoding = 4; lastKnownFileType = sourcecode.cpp.objcpp; path = Problem_16.mm; sourceTree = "<group>"; };
		2EF42B0E1CE7935C008D8C2B /* Problem_18.mm */ = {isa = PBXFileReference; fileEncoding = 4; lastKnownFileType = sourcecode.cpp.objcpp; path = Problem_18.mm; sourceTree = "<group>"; };
		2EF42B0F1CE7935C008D8C2B /* Problem_2.mm */ = {isa = PBXFileReference; fileEncoding = 4; lastKnownFileType = sourcecode.cpp.objcpp; path = Problem_2.mm; sourceTree = "<group>"; };
		2EF42B101CE7935C008D8C2B /* Problem_20.mm */ = {isa = PBXFileReference; fileEncoding = 4; lastKnownFileType = sourcecode.cpp.objcpp; path = Problem_20.mm; sourceTree = "<group>"; };
		2EF42B111CE7935C008D8C2B /* Problem_21.mm */ = {isa = PBXFileReference; fileEncoding = 4; lastKnownFileType = sourcecode.cpp.objcpp; path = Problem_21.mm; sourceTree = "<group>"; };
		2EF42B121CE7935C008D8C2B /* Problem_22.mm */ = {isa = PBXFileReference; fileEncoding = 4; lastKnownFileType = sourcecode.cpp.objcpp; path = Problem_22.mm; sourceTree = "<group>"; };
		2EF42B131CE7935C008D8C2B /* Problem_23.mm */ = {isa = PBXFileReference; fileEncoding = 4; lastKnownFileType = sourcecode.cpp.objcpp; path = Problem_23.mm; sourceTree = "<group>"; };
		2EF42B141CE7935C008D8C2B /* Problem_25.mm */ = {isa = PBXFileReference; fileEncoding = 4; lastKnownFileType = sourcecode.cpp.objcpp; path = Problem_25.mm; sourceTree = "<group>"; };
		2EF42B151CE7935C008D8C2B /* Problem_27.mm */ = {isa = PBXFileReference; fileEncoding = 4; lastKnownFileType = sourcecode.cpp.objcpp; path = Problem_27.mm; sourceTree = "<group>"; };
		2EF42B161CE7935C008D8C2B /* Problem_28.mm */ = {isa = PBXFileReference; fileEncoding = 4; lastKnownFileType = sourcecode.cpp.objcpp; path = Problem_28.mm; sourceTree = "<group>"; };
		2EF42B171CE7935C008D8C2B /* Problem_29.mm */ = {isa = PBXFileReference; fileEncoding = 4; lastKnownFileType = sourcecode.cpp.objcpp; path = Problem_29.mm; sourceTree = "<group>"; };
		2EF42B181CE7935C008D8C2B /* Problem_3.mm */ = {isa = PBXFileReference; fileEncoding = 4; lastKnownFileType = sourcecode.cpp.objcpp; path = Problem_3.mm; sourceTree = "<group>"; };
		2EF42B191CE7935C008D8C2B /* Problem_30.mm */ = {isa = PBXFileReference; fileEncoding = 4; lastKnownFileType = sourcecode.cpp.objcpp; path = Problem_30.mm; sourceTree = "<group>"; };
		2EF42B1A1CE7935C008D8C2B /* Problem_31.mm */ = {isa = PBXFileReference; fileEncoding = 4; lastKnownFileType = sourcecode.cpp.objcpp; path = Problem_31.mm; sourceTree = "<group>"; };
		2EF42B1B1CE7935C008D8C2B /* Problem_32.mm */ = {isa = PBXFileReference; fileEncoding = 4; lastKnownFileType = sourcecode.cpp.objcpp; path = Problem_32.mm; sourceTree = "<group>"; };
		2EF42B1C1CE7935C008D8C2B /* Problem_34.mm */ = {isa = PBXFileReference; fileEncoding = 4; lastKnownFileType = sourcecode.cpp.objcpp; path = Problem_34.mm; sourceTree = "<group>"; };
		2EF42B1D1CE7935C008D8C2B /* Problem_35.mm */ = {isa = PBXFileReference; fileEncoding = 4; lastKnownFileType = sourcecode.cpp.objcpp; path = Problem_35.mm; sourceTree = "<group>"; };
		2EF42B1E1CE7935C008D8C2B /* Problem_36.mm */ = {isa = PBXFileReference; fileEncoding = 4; lastKnownFileType = sourcecode.cpp.objcpp; path = Problem_36.mm; sourceTree = "<group>"; };
		2EF42B1F1CE7935C008D8C2B /* Problem_37.mm */ = {isa = PBXFileReference; fileEncoding = 4; lastKnownFileType = sourcecode.cpp.objcpp; path = Problem_37.mm; sourceTree = "<group>"; };
		2EF42B201CE7935C008D8C2B /* Problem_38.mm */ = {isa = PBXFileReference; fileEncoding = 4; lastKnownFileType = sourcecode.cpp.objcpp; path = Problem_38.mm; sourceTree = "<group>"; };
		2EF42B211CE7935C008D8C2B /* Problem_39.mm */ = {isa = PBXFileReference; fileEncoding = 4; lastKnownFileType = sourcecode.cpp.objcpp; path = Problem_39.mm; sourceTree = "<group>"; };
		2EF42B221CE7935C008D8C2B /* Problem_4.mm */ = {isa = PBXFileReference; fileEncoding = 4; lastKnownFileType = sourcecode.cpp.objcpp; path = Problem_4.mm; sourceTree = "<group>"; };
		2EF42B231CE7935C008D8C2B /* Problem_41.mm */ = {isa = PBXFileReference; fileEncoding = 4; lastKnownFileType = sourcecode.cpp.objcpp; path = Problem_41.mm; sourceTree = "<group>"; };
		2EF42B241CE7935C008D8C2B /* Problem_42.mm */ = {isa = PBXFileReference; fileEncoding = 4; lastKnownFileType = sourcecode.cpp.objcpp; path = Problem_42.mm; sourceTree = "<group>"; };
		2EF42B251CE7935C008D8C2B /* Problem_44.mm */ = {isa = PBXFileReference; fileEncoding = 4; lastKnownFileType = sourcecode.cpp.objcpp; path = Problem_44.mm; sourceTree = "<group>"; };
		2EF42B261CE7935C008D8C2B /* Problem_45.mm */ = {isa = PBXFileReference; fileEncoding = 4; lastKnownFileType = sourcecode.cpp.objcpp; path = Problem_45.mm; sourceTree = "<group>"; };
		2EF42B271CE7935C008D8C2B /* Problem_46.mm */ = {isa = PBXFileReference; fileEncoding = 4; lastKnownFileType = sourcecode.cpp.objcpp; path = Problem_46.mm; sourceTree = "<group>"; };
		2EF42B281CE7935C008D8C2B /* Problem_48.mm */ = {isa = PBXFileReference; fileEncoding = 4; lastKnownFileType = sourcecode.cpp.objcpp; path = Problem_48.mm; sourceTree = "<group>"; };
		2EF42B291CE7935C008D8C2B /* Problem_5.mm */ = {isa = PBXFileReference; fileEncoding = 4; lastKnownFileType = sourcecode.cpp.objcpp; path = Problem_5.mm; sourceTree = "<group>"; };
		2EF42B2A1CE7935C008D8C2B /* Problem_52.mm */ = {isa = PBXFileReference; fileEncoding = 4; lastKnownFileType = sourcecode.cpp.objcpp; path = Problem_52.mm; sourceTree = "<group>"; };
		2EF42B2B1CE7935C008D8C2B /* Problem_53.mm */ = {isa = PBXFileReference; fileEncoding = 4; lastKnownFileType = sourcecode.cpp.objcpp; path = Problem_53.mm; sourceTree = "<group>"; };
		2EF42B2C1CE7935C008D8C2B /* Problem_54.mm */ = {isa = PBXFileReference; fileEncoding = 4; lastKnownFileType = sourcecode.cpp.objcpp; path = Problem_54.mm; sourceTree = "<group>"; };
		2EF42B2D1CE7935C008D8C2B /* Problem_6.mm */ = {isa = PBXFileReference; fileEncoding = 4; lastKnownFileType = sourcecode.cpp.objcpp; path = Problem_6.mm; sourceTree = "<group>"; };
		2EF42B2E1CE7935C008D8C2B /* Problem_60.mm */ = {isa = PBXFileReference; fileEncoding = 4; lastKnownFileType = sourcecode.cpp.objcpp; path = Problem_60.mm; sourceTree = "<group>"; };
		2EF42B2F1CE7935C008D8C2B /* Problem_67.mm */ = {isa = PBXFileReference; fileEncoding = 4; lastKnownFileType = sourcecode.cpp.objcpp; path = Problem_67.mm; sourceTree = "<group>"; };
		2EF42B311CE7935C008D8C2B /* Problem_7.mm */ = {isa = PBXFileReference; fileEncoding = 4; lastKnownFileType = sourcecode.cpp.objcpp; path = Problem_7.mm; sourceTree = "<group>"; };
		2EF42B321CE7935C008D8C2B /* Problem_74.mm */ = {isa = PBXFileReference; fileEncoding = 4; lastKnownFileType = sourcecode.cpp.objcpp; path = Problem_74.mm; sourceTree = "<group>"; };
		2EF42B331CE7935C008D8C2B /* Problem_8.mm */ = {isa = PBXFileReference; fileEncoding = 4; lastKnownFileType = sourcecode.cpp.objcpp; path = Problem_8.mm; sourceTree = "<group>"; };
		2EF42B341CE7935C008D8C2B /* Problem_81.mm */ = {isa = PBXFileReference; fileEncoding = 4; lastKnownFileType = sourcecode.cpp.objcpp; path = Problem_81.mm; sourceTree = "<group>"; };
		2EF42B351CE7935C008D8C2B /* Problem_87.mm */ = {isa = PBXFileReference; fileEncoding = 4; lastKnownFileType = sourcecode.cpp.objcpp; path = Problem_87.mm; sourceTree = "<group>"; };
		2EF42B361CE7935C008D8C2B /* Problem_9.mm */ = {isa = PBXFileReference; fileEncoding = 4; lastKnownFileType = sourcecode.cpp.objcpp; path = Problem_9.mm; sourceTree = "<group>"; };
		2EF42B371CE7935C008D8C2B /* Problem_92.mm */ = {isa = PBXFileReference; fileEncoding = 4; lastKnownFileType = sourcecode.cpp.objcpp; path = Problem_92.mm; sourceTree = "<group>"; };
		2EF42B381CE7935C008D8C2B /* Problem_95.mm */ = {isa = PBXFileReference; fileEncoding = 4; lastKnownFileType = sourcecode.cpp.objcpp; path = Problem_95.mm; sourceTree = "<group>"; };
		2EF42B391CE7935C008D8C2B /* Problem_99.mm */ = {isa = PBXFileReference; fileEncoding = 4; lastKnownFileType = sourcecode.cpp.objcpp; path = Problem_99.mm; sourceTree = "<group>"; };
		2EF42B3A1CE7935C008D8C2B /* ProblemBase.h */ = {isa = PBXFileReference; fileEncoding = 4; lastKnownFileType = sourcecode.c.h; path = ProblemBase.h; sourceTree = "<group>"; };
		2EF42B3B1CE7935C008D8C2B /* ProblemBase.m */ = {isa = PBXFileReference; fileEncoding = 4; lastKnownFileType = sourcecode.c.objc; path = ProblemBase.m; sourceTree = "<group>"; };
		2EF60EDE1D070EFE00342FA4 /* Problem_47.mm */ = {isa = PBXFileReference; fileEncoding = 4; lastKnownFileType = sourcecode.cpp.objcpp; path = Problem_47.mm; sourceTree = "<group>"; };
/* End PBXFileReference section */

/* Begin PBXFrameworksBuildPhase section */
		2EF429FB1CE79287008D8C2B /* Frameworks */ = {
			isa = PBXFrameworksBuildPhase;
			buildActionMask = 2147483647;
			files = (
				2ED7849E1D05C4FF0073528D /* GLKit.framework in Frameworks */,
			);
			runOnlyForDeploymentPostprocessing = 0;
		};
/* End PBXFrameworksBuildPhase section */

/* Begin PBXGroup section */
		2ED7849F1D05C5200073528D /* Frameworks */ = {
			isa = PBXGroup;
			children = (
				2ED7849D1D05C4FE0073528D /* GLKit.framework */,
			);
			name = Frameworks;
			sourceTree = "<group>";
		};
		2EF429F51CE79287008D8C2B = {
			isa = PBXGroup;
			children = (
				2EF42A001CE79287008D8C2B /* ProjectEuler */,
				2ED7849F1D05C5200073528D /* Frameworks */,
				2EF429FF1CE79287008D8C2B /* Products */,
			);
			sourceTree = "<group>";
		};
		2EF429FF1CE79287008D8C2B /* Products */ = {
			isa = PBXGroup;
			children = (
				2EF429FE1CE79287008D8C2B /* ProjectEuler */,
			);
			name = Products;
			sourceTree = "<group>";
		};
		2EF42A001CE79287008D8C2B /* ProjectEuler */ = {
			isa = PBXGroup;
			children = (
				2EF42AFC1CE7935C008D8C2B /* src */,
				2EF42AC01CE7935C008D8C2B /* Resources */,
			);
			path = ProjectEuler;
			sourceTree = "<group>";
		};
		2EF42AC01CE7935C008D8C2B /* Resources */ = {
			isa = PBXGroup;
			children = (
				2EF42AC11CE7935C008D8C2B /* p018_triangle.txt */,
				2EF42AC21CE7935C008D8C2B /* p022_names.txt */,
				2EF42AC31CE7935C008D8C2B /* p042_words.txt */,
				2EF42AC41CE7935C008D8C2B /* p054_poker.txt */,
				2E44F8AF1CF7702000A4B22A /* p059_cipher.txt */,
				2EF42AC51CE7935C008D8C2B /* p067_triangle.txt */,
				2E77CD811CF88EDB003A49E3 /* p079_keylog.txt */,
				2EF42AC61CE7935C008D8C2B /* p081_matrix.txt */,
				2EF42AC71CE7935C008D8C2B /* p082_matrix.txt */,
				2EACDFE11CFC9CD40048C81A /* p089_roman.txt */,
				2E77CD821CF88EE1003A49E3 /* p096_sudoku.txt */,
				2EF42AC81CE7935C008D8C2B /* p099_base_exp.txt */,
				2ED784991D05B6410073528D /* p102_triangles.txt */,
				2E144F781CFCB7E0008FF342 /* Primes */,
			);
			path = Resources;
			sourceTree = "<group>";
		};
		2EF42AFC1CE7935C008D8C2B /* src */ = {
			isa = PBXGroup;
			children = (
				2EF42B041CE7935C008D8C2B /* main.m */,
				2EF42AFD1CE7935C008D8C2B /* Library */,
				2EF42B051CE7935C008D8C2B /* Problems */,
			);
			path = src;
			sourceTree = "<group>";
		};
		2EF42AFD1CE7935C008D8C2B /* Library */ = {
			isa = PBXGroup;
			children = (
				2EF42AFF1CE7935C008D8C2B /* libProjectEuler.h */,
				2EF42B001CE7935C008D8C2B /* libProjectEuler.mm */,
				2EF42B021CE7935C008D8C2B /* primes.h */,
				2EF42B031CE7935C008D8C2B /* primes.mm */,
				2EF42AFE1CE7935C008D8C2B /* hashMap.h */,
				2EF42B011CE7935C008D8C2B /* numberChain.h */,
				2E6046F71D047AAA00FE84B6 /* sudoku.h */,
			);
			path = Library;
			sourceTree = "<group>";
		};
		2EF42B051CE7935C008D8C2B /* Problems */ = {
			isa = PBXGroup;
			children = (
				2EF42B3A1CE7935C008D8C2B /* ProblemBase.h */,
				2EF42B3B1CE7935C008D8C2B /* ProblemBase.m */,
				2EF42B061CE7935C008D8C2B /* Problem_1.mm */,
				2EF42B0F1CE7935C008D8C2B /* Problem_2.mm */,
				2EF42B181CE7935C008D8C2B /* Problem_3.mm */,
				2EF42B221CE7935C008D8C2B /* Problem_4.mm */,
				2EF42B291CE7935C008D8C2B /* Problem_5.mm */,
				2EF42B2D1CE7935C008D8C2B /* Problem_6.mm */,
				2EF42B311CE7935C008D8C2B /* Problem_7.mm */,
				2EF42B331CE7935C008D8C2B /* Problem_8.mm */,
				2EF42B361CE7935C008D8C2B /* Problem_9.mm */,
				2EF42B071CE7935C008D8C2B /* Problem_10.mm */,
				2EF42B081CE7935C008D8C2B /* Problem_11.mm */,
				2EF42B091CE7935C008D8C2B /* Problem_12.mm */,
				2EF42B0A1CE7935C008D8C2B /* Problem_13.mm */,
				2EF42B0B1CE7935C008D8C2B /* Problem_14.mm */,
				2EF42B0C1CE7935C008D8C2B /* Problem_15.mm */,
				2EF42B0D1CE7935C008D8C2B /* Problem_16.mm */,
				2E1967321CF604D200EF3601 /* Problem_17.mm */,
				2EF42B0E1CE7935C008D8C2B /* Problem_18.mm */,
				2E8830E61CFA026E003FD187 /* Problem_19.mm */,
				2EF42B101CE7935C008D8C2B /* Problem_20.mm */,
				2EF42B111CE7935C008D8C2B /* Problem_21.mm */,
				2EF42B121CE7935C008D8C2B /* Problem_22.mm */,
				2EF42B131CE7935C008D8C2B /* Problem_23.mm */,
				2EC1AEF11CECD9F800553C6D /* Problem_24.mm */,
				2EF42B141CE7935C008D8C2B /* Problem_25.mm */,
				2EBF59121CFBB2AE000F86BF /* Problem_26.mm */,
				2EF42B151CE7935C008D8C2B /* Problem_27.mm */,
				2EF42B161CE7935C008D8C2B /* Problem_28.mm */,
				2EF42B171CE7935C008D8C2B /* Problem_29.mm */,
				2EF42B191CE7935C008D8C2B /* Problem_30.mm */,
				2EF42B1A1CE7935C008D8C2B /* Problem_31.mm */,
				2EF42B1B1CE7935C008D8C2B /* Problem_32.mm */,
				2E6046F51D047A1700FE84B6 /* Problem_33.mm */,
				2EF42B1C1CE7935C008D8C2B /* Problem_34.mm */,
				2EF42B1D1CE7935C008D8C2B /* Problem_35.mm */,
				2EF42B1E1CE7935C008D8C2B /* Problem_36.mm */,
				2EF42B1F1CE7935C008D8C2B /* Problem_37.mm */,
				2EF42B201CE7935C008D8C2B /* Problem_38.mm */,
				2EF42B211CE7935C008D8C2B /* Problem_39.mm */,
				2E6046FA1D04940500FE84B6 /* Problem_40.mm */,
				2EF42B231CE7935C008D8C2B /* Problem_41.mm */,
				2EF42B241CE7935C008D8C2B /* Problem_42.mm */,
				2E1967341CF60D3500EF3601 /* Problem_43.mm */,
				2EF42B251CE7935C008D8C2B /* Problem_44.mm */,
				2EF42B261CE7935C008D8C2B /* Problem_45.mm */,
				2EF42B271CE7935C008D8C2B /* Problem_46.mm */,
				2EF60EDE1D070EFE00342FA4 /* Problem_47.mm */,
				2EF42B281CE7935C008D8C2B /* Problem_48.mm */,
				2E9246271CEF71CB00695E74 /* Problem_49.mm */,
				2EA0714A1CF4D90F007B06A4 /* Problem_50.mm */,
				2EF42B2A1CE7935C008D8C2B /* Problem_52.mm */,
				2EF42B2B1CE7935C008D8C2B /* Problem_53.mm */,
				2EF42B2C1CE7935C008D8C2B /* Problem_54.mm */,
				2E0E76EF1CFF6E6500C98C26 /* Problem_55.mm */,
				2ED784A21D05DD060073528D /* Problem_56.mm */,
				2E6046FC1D049CB000FE84B6 /* Problem_57.mm */,
				2E8830E81CFA0E78003FD187 /* Problem_58.mm */,
				2E44F8AD1CF76FD000A4B22A /* Problem_59.mm */,
				2EF42B2E1CE7935C008D8C2B /* Problem_60.mm */,
				2EB384761D02052800030F35 /* Problem_61.mm */,
				2ED784A01D05D5D90073528D /* Problem_62.mm */,
				2EACD1C31CEE01560092761A /* Problem_63.mm */,
				2ED419B91D29A0C900A4F0EB /* Problem_65.mm */,
				2EF42B2F1CE7935C008D8C2B /* Problem_67.mm */,
				2E0E76ED1CFF26F200C98C26 /* Problem_71.mm */,
				2EF42B321CE7935C008D8C2B /* Problem_74.mm */,
				2E3D3CA71D00BEF400B57BB9 /* Problem_75.mm */,
				2E77CD7D1CF88B97003A49E3 /* Problem_77.mm */,
				2E786ABE1CE8D2A4008BFEC4 /* Problem_78.mm */,
				2E77CD7F1CF88EA8003A49E3 /* Problem_79.mm */,
				2EF42B341CE7935C008D8C2B /* Problem_81.mm */,
				2EF42B351CE7935C008D8C2B /* Problem_87.mm */,
				2EACDFE31CFC9CF90048C81A /* Problem_89.mm */,
				2EF42B371CE7935C008D8C2B /* Problem_92.mm */,
				2EF42B381CE7935C008D8C2B /* Problem_95.mm */,
				2E144F7A1CFCB9B4008FF342 /* Problem_96.mm */,
				2EF42B391CE7935C008D8C2B /* Problem_99.mm */,
				2ED7849B1D05B6700073528D /* Problem_102.mm */,
				2E8830E21CF9F2D3003FD187 /* Problem_112.mm */,
				2E8830E41CFA0084003FD187 /* Problem_113.mm */,
				2E3D3CA51D00A57200B57BB9 /* Problem_145.mm */,
				2E14B9FA1D034DEB00B2CEF3 /* Problem_148.mm */,
				2E3B406C1D09D5F60096164E /* Problem_206.mm */,
				2EACDFE51CFCB5F20048C81A /* Problem_265.mm */,
			);
			path = Problems;
			sourceTree = "<group>";
		};
/* End PBXGroup section */

/* Begin PBXNativeTarget section */
		2EF429FD1CE79287008D8C2B /* ProjectEuler */ = {
			isa = PBXNativeTarget;
			buildConfigurationList = 2EF42A051CE79287008D8C2B /* Build configuration list for PBXNativeTarget "ProjectEuler" */;
			buildPhases = (
				2EF429FA1CE79287008D8C2B /* Sources */,
				2EF429FB1CE79287008D8C2B /* Frameworks */,
				2EF429FC1CE79287008D8C2B /* CopyFiles */,
			);
			buildRules = (
			);
			dependencies = (
			);
			name = ProjectEuler;
			productName = ProjectEuler;
			productReference = 2EF429FE1CE79287008D8C2B /* ProjectEuler */;
			productType = "com.apple.product-type.tool";
		};
/* End PBXNativeTarget section */

/* Begin PBXProject section */
		2EF429F61CE79287008D8C2B /* Project object */ = {
			isa = PBXProject;
			attributes = {
				LastUpgradeCheck = 0730;
				ORGANIZATIONNAME = "Pat Sluth";
				TargetAttributes = {
					2EF429FD1CE79287008D8C2B = {
						CreatedOnToolsVersion = 7.3.1;
					};
				};
			};
			buildConfigurationList = 2EF429F91CE79287008D8C2B /* Build configuration list for PBXProject "ProjectEuler" */;
			compatibilityVersion = "Xcode 3.2";
			developmentRegion = English;
			hasScannedForEncodings = 0;
			knownRegions = (
				en,
			);
			mainGroup = 2EF429F51CE79287008D8C2B;
			productRefGroup = 2EF429FF1CE79287008D8C2B /* Products */;
			projectDirPath = "";
			projectRoot = "";
			targets = (
				2EF429FD1CE79287008D8C2B /* ProjectEuler */,
			);
		};
/* End PBXProject section */

/* Begin PBXSourcesBuildPhase section */
		2EF429FA1CE79287008D8C2B /* Sources */ = {
			isa = PBXSourcesBuildPhase;
			buildActionMask = 2147483647;
			files = (
				2EA0714B1CF4DC0A007B06A4 /* Problem_50.mm in Sources */,
				2E77CD7E1CF88B97003A49E3 /* Problem_77.mm in Sources */,
				2ED784A11D05D5D90073528D /* Problem_62.mm in Sources */,
				2EF42B461CE7935C008D8C2B /* Problem_16.mm in Sources */,
				2EACDFE61CFCB5F20048C81A /* Problem_265.mm in Sources */,
				2E3D3CA61D00A57200B57BB9 /* Problem_145.mm in Sources */,
				2EF42B561CE7935C008D8C2B /* Problem_35.mm in Sources */,
				2E0E76EE1CFF26F200C98C26 /* Problem_71.mm in Sources */,
				2ED784A31D05DD060073528D /* Problem_56.mm in Sources */,
				2EF42B531CE7935C008D8C2B /* Problem_31.mm in Sources */,
				2E144F7B1CFCB9B4008FF342 /* Problem_96.mm in Sources */,
				2E3D3CA81D00BEF400B57BB9 /* Problem_75.mm in Sources */,
				2EF42B611CE7935C008D8C2B /* Problem_48.mm in Sources */,
				2EF42B631CE7935C008D8C2B /* Problem_52.mm in Sources */,
				2EF42B581CE7935C008D8C2B /* Problem_37.mm in Sources */,
				2EF42B5E1CE7935C008D8C2B /* Problem_44.mm in Sources */,
				2E77CD801CF88EA8003A49E3 /* Problem_79.mm in Sources */,
				2EF42B4A1CE7935C008D8C2B /* Problem_21.mm in Sources */,
				2ED7849C1D05B6700073528D /* Problem_102.mm in Sources */,
				2EF42B541CE7935C008D8C2B /* Problem_32.mm in Sources */,
				2EBF59131CFBB2AE000F86BF /* Problem_26.mm in Sources */,
				2EF42B5A1CE7935C008D8C2B /* Problem_39.mm in Sources */,
				2EF42B651CE7935C008D8C2B /* Problem_54.mm in Sources */,
				2EF42B4E1CE7935C008D8C2B /* Problem_27.mm in Sources */,
				2EF42B731CE7935C008D8C2B /* ProblemBase.m in Sources */,
				2EF42B571CE7935C008D8C2B /* Problem_36.mm in Sources */,
				2E8830E31CF9F2D3003FD187 /* Problem_112.mm in Sources */,
				2EF42B681CE7935C008D8C2B /* Problem_67.mm in Sources */,
				2EACD1C41CEE01560092761A /* Problem_63.mm in Sources */,
				2EF42B621CE7935C008D8C2B /* Problem_5.mm in Sources */,
				2EF42B3C1CE7935C008D8C2B /* libProjectEuler.mm in Sources */,
				2EF42B6B1CE7935C008D8C2B /* Problem_74.mm in Sources */,
				2ED419BA1D29A0C900A4F0EB /* Problem_65.mm in Sources */,
				2EF42B601CE7935C008D8C2B /* Problem_46.mm in Sources */,
				2EF42B431CE7935C008D8C2B /* Problem_13.mm in Sources */,
				2EF42B721CE7935C008D8C2B /* Problem_99.mm in Sources */,
				2EF42B711CE7935C008D8C2B /* Problem_95.mm in Sources */,
				2EF42B411CE7935C008D8C2B /* Problem_11.mm in Sources */,
				2E6046FB1D04940500FE84B6 /* Problem_40.mm in Sources */,
				2EF42B481CE7935C008D8C2B /* Problem_2.mm in Sources */,
				2EF42B641CE7935C008D8C2B /* Problem_53.mm in Sources */,
				2E3B406D1D09D5F60096164E /* Problem_206.mm in Sources */,
				2EF42B3F1CE7935C008D8C2B /* Problem_1.mm in Sources */,
				2EF42B701CE7935C008D8C2B /* Problem_92.mm in Sources */,
				2EF42B4C1CE7935C008D8C2B /* Problem_23.mm in Sources */,
				2EF42B3E1CE7935C008D8C2B /* main.m in Sources */,
				2E44F8AE1CF76FD000A4B22A /* Problem_59.mm in Sources */,
				2EC1AEF21CECD9F800553C6D /* Problem_24.mm in Sources */,
				2EF42B671CE7935C008D8C2B /* Problem_60.mm in Sources */,
				2EF42B3D1CE7935C008D8C2B /* primes.mm in Sources */,
				2EF42B5D1CE7935C008D8C2B /* Problem_42.mm in Sources */,
				2EACDFE41CFC9CF90048C81A /* Problem_89.mm in Sources */,
				2E9246281CEF71CB00695E74 /* Problem_49.mm in Sources */,
				2E6046FD1D049CB000FE84B6 /* Problem_57.mm in Sources */,
				2EF42B6C1CE7935C008D8C2B /* Problem_8.mm in Sources */,
				2EF42B6F1CE7935C008D8C2B /* Problem_9.mm in Sources */,
				2EF42B511CE7935C008D8C2B /* Problem_3.mm in Sources */,
				2E14B9FB1D034DEB00B2CEF3 /* Problem_148.mm in Sources */,
				2E0E76F01CFF6E6500C98C26 /* Problem_55.mm in Sources */,
				2EF42B4B1CE7935C008D8C2B /* Problem_22.mm in Sources */,
				2EF42B521CE7935C008D8C2B /* Problem_30.mm in Sources */,
				2E786ABF1CE8D2A4008BFEC4 /* Problem_78.mm in Sources */,
				2EF42B5F1CE7935C008D8C2B /* Problem_45.mm in Sources */,
				2E1967351CF60D3500EF3601 /* Problem_43.mm in Sources */,
				2EF42B551CE7935C008D8C2B /* Problem_34.mm in Sources */,
				2EF42B401CE7935C008D8C2B /* Problem_10.mm in Sources */,
				2EF42B441CE7935C008D8C2B /* Problem_14.mm in Sources */,
				2EF42B591CE7935C008D8C2B /* Problem_38.mm in Sources */,
				2E8830E51CFA0084003FD187 /* Problem_113.mm in Sources */,
				2EF42B6A1CE7935C008D8C2B /* Problem_7.mm in Sources */,
				2E8830E71CFA026E003FD187 /* Problem_19.mm in Sources */,
				2EF42B5B1CE7935C008D8C2B /* Problem_4.mm in Sources */,
				2EF42B661CE7935C008D8C2B /* Problem_6.mm in Sources */,
				2EF42B421CE7935C008D8C2B /* Problem_12.mm in Sources */,
				2EF60EDF1D070EFE00342FA4 /* Problem_47.mm in Sources */,
				2EF42B491CE7935C008D8C2B /* Problem_20.mm in Sources */,
				2EB384771D02052900030F35 /* Problem_61.mm in Sources */,
				2EF42B471CE7935C008D8C2B /* Problem_18.mm in Sources */,
				2EF42B5C1CE7935C008D8C2B /* Problem_41.mm in Sources */,
				2EF42B6D1CE7935C008D8C2B /* Problem_81.mm in Sources */,
				2EF42B4D1CE7935C008D8C2B /* Problem_25.mm in Sources */,
				2EF42B451CE7935C008D8C2B /* Problem_15.mm in Sources */,
				2EF42B501CE7935C008D8C2B /* Problem_29.mm in Sources */,
				2E8830E91CFA0E78003FD187 /* Problem_58.mm in Sources */,
				2EF42B6E1CE7935C008D8C2B /* Problem_87.mm in Sources */,
				2E1967331CF604D200EF3601 /* Problem_17.mm in Sources */,
				2E6046F61D047A1700FE84B6 /* Problem_33.mm in Sources */,
				2EF42B4F1CE7935C008D8C2B /* Problem_28.mm in Sources */,
			);
			runOnlyForDeploymentPostprocessing = 0;
		};
/* End PBXSourcesBuildPhase section */

/* Begin XCBuildConfiguration section */
		2EF42A031CE79287008D8C2B /* Debug */ = {
			isa = XCBuildConfiguration;
			buildSettings = {
				ALWAYS_SEARCH_USER_PATHS = NO;
				CLANG_ANALYZER_NONNULL = YES;
				CLANG_CXX_LANGUAGE_STANDARD = "gnu++0x";
				CLANG_CXX_LIBRARY = "libc++";
				CLANG_ENABLE_MODULES = YES;
				CLANG_ENABLE_OBJC_ARC = YES;
				CLANG_WARN_BOOL_CONVERSION = YES;
				CLANG_WARN_CONSTANT_CONVERSION = YES;
				CLANG_WARN_DIRECT_OBJC_ISA_USAGE = YES_ERROR;
				CLANG_WARN_EMPTY_BODY = YES;
				CLANG_WARN_ENUM_CONVERSION = YES;
				CLANG_WARN_INT_CONVERSION = YES;
				CLANG_WARN_OBJC_ROOT_CLASS = YES_ERROR;
				CLANG_WARN_UNREACHABLE_CODE = YES;
				CLANG_WARN__DUPLICATE_METHOD_MATCH = YES;
				CODE_SIGN_IDENTITY = "-";
				COPY_PHASE_STRIP = NO;
				DEBUG_INFORMATION_FORMAT = dwarf;
				ENABLE_STRICT_OBJC_MSGSEND = YES;
				ENABLE_TESTABILITY = YES;
				GCC_C_LANGUAGE_STANDARD = gnu99;
				GCC_DYNAMIC_NO_PIC = NO;
				GCC_NO_COMMON_BLOCKS = YES;
				GCC_OPTIMIZATION_LEVEL = 0;
				GCC_PREPROCESSOR_DEFINITIONS = (
					"DEBUG=1",
					"$(inherited)",
				);
				GCC_WARN_64_TO_32_BIT_CONVERSION = NO;
				GCC_WARN_ABOUT_RETURN_TYPE = YES_ERROR;
				GCC_WARN_UNDECLARED_SELECTOR = YES;
				GCC_WARN_UNINITIALIZED_AUTOS = YES_AGGRESSIVE;
				GCC_WARN_UNUSED_FUNCTION = YES;
				GCC_WARN_UNUSED_VARIABLE = YES;
				HEADER_SEARCH_PATHS = /usr/local/Cellar/boost/1.59.0/include;
				MACOSX_DEPLOYMENT_TARGET = 10.11;
				MTL_ENABLE_DEBUG_INFO = YES;
				ONLY_ACTIVE_ARCH = YES;
				SDKROOT = macosx;
			};
			name = Debug;
		};
		2EF42A041CE79287008D8C2B /* Release */ = {
			isa = XCBuildConfiguration;
			buildSettings = {
				ALWAYS_SEARCH_USER_PATHS = NO;
				CLANG_ANALYZER_NONNULL = YES;
				CLANG_CXX_LANGUAGE_STANDARD = "gnu++0x";
				CLANG_CXX_LIBRARY = "libc++";
				CLANG_ENABLE_MODULES = YES;
				CLANG_ENABLE_OBJC_ARC = YES;
				CLANG_WARN_BOOL_CONVERSION = YES;
				CLANG_WARN_CONSTANT_CONVERSION = YES;
				CLANG_WARN_DIRECT_OBJC_ISA_USAGE = YES_ERROR;
				CLANG_WARN_EMPTY_BODY = YES;
				CLANG_WARN_ENUM_CONVERSION = YES;
				CLANG_WARN_INT_CONVERSION = YES;
				CLANG_WARN_OBJC_ROOT_CLASS = YES_ERROR;
				CLANG_WARN_UNREACHABLE_CODE = YES;
				CLANG_WARN__DUPLICATE_METHOD_MATCH = YES;
				CODE_SIGN_IDENTITY = "-";
				COPY_PHASE_STRIP = NO;
				DEBUG_INFORMATION_FORMAT = "dwarf-with-dsym";
				ENABLE_NS_ASSERTIONS = NO;
				ENABLE_STRICT_OBJC_MSGSEND = YES;
				GCC_C_LANGUAGE_STANDARD = gnu99;
				GCC_NO_COMMON_BLOCKS = YES;
				GCC_WARN_64_TO_32_BIT_CONVERSION = NO;
				GCC_WARN_ABOUT_RETURN_TYPE = YES_ERROR;
				GCC_WARN_UNDECLARED_SELECTOR = YES;
				GCC_WARN_UNINITIALIZED_AUTOS = YES_AGGRESSIVE;
				GCC_WARN_UNUSED_FUNCTION = YES;
				GCC_WARN_UNUSED_VARIABLE = YES;
				HEADER_SEARCH_PATHS = /usr/local/Cellar/boost/1.59.0/include;
				MACOSX_DEPLOYMENT_TARGET = 10.11;
				MTL_ENABLE_DEBUG_INFO = NO;
				SDKROOT = macosx;
			};
			name = Release;
		};
		2EF42A061CE79287008D8C2B /* Debug */ = {
			isa = XCBuildConfiguration;
			buildSettings = {
				PRODUCT_NAME = "$(TARGET_NAME)";
			};
			name = Debug;
		};
		2EF42A071CE79287008D8C2B /* Release */ = {
			isa = XCBuildConfiguration;
			buildSettings = {
				PRODUCT_NAME = "$(TARGET_NAME)";
			};
			name = Release;
		};
/* End XCBuildConfiguration section */

/* Begin XCConfigurationList section */
		2EF429F91CE79287008D8C2B /* Build configuration list for PBXProject "ProjectEuler" */ = {
			isa = XCConfigurationList;
			buildConfigurations = (
				2EF42A031CE79287008D8C2B /* Debug */,
				2EF42A041CE79287008D8C2B /* Release */,
			);
			defaultConfigurationIsVisible = 0;
			defaultConfigurationName = Release;
		};
		2EF42A051CE79287008D8C2B /* Build configuration list for PBXNativeTarget "ProjectEuler" */ = {
			isa = XCConfigurationList;
			buildConfigurations = (
				2EF42A061CE79287008D8C2B /* Debug */,
				2EF42A071CE79287008D8C2B /* Release */,
			);
			defaultConfigurationIsVisible = 0;
			defaultConfigurationName = Release;
		};
/* End XCConfigurationList section */
	};
	rootObject = 2EF429F61CE79287008D8C2B /* Project object */;
}
